// !$*UTF8*$!
{
	archiveVersion = 1;
	classes = {
	};
	objectVersion = 46;
	objects = {

/* Begin PBXBuildFile section */
		6238ADEC21116D38003D4B8E /* LoginViewController.xib in Resources */ = {isa = PBXBuildFile; fileRef = 6238ADD621116D37003D4B8E /* LoginViewController.xib */; };
		6238ADED21116D38003D4B8E /* LoginViewController.swift in Sources */ = {isa = PBXBuildFile; fileRef = 6238ADD721116D37003D4B8E /* LoginViewController.swift */; };
		6252A17621195647009F6F43 /* Speaker.swift in Sources */ = {isa = PBXBuildFile; fileRef = 6252A17421195647009F6F43 /* Speaker.swift */; };
		625DF8902111BB8B007958F6 /* LoginViewModel.swift in Sources */ = {isa = PBXBuildFile; fileRef = 625DF88F2111BB8B007958F6 /* LoginViewModel.swift */; };
		629E064E2126EE05004D29E0 /* Errors.swift in Sources */ = {isa = PBXBuildFile; fileRef = 629E064D2126EE05004D29E0 /* Errors.swift */; };
		6C392FC5AF0C61509011C30D /* Pods_MyApp.framework in Frameworks */ = {isa = PBXBuildFile; fileRef = 7E8000CCB9AE328B83764288 /* Pods_MyApp.framework */; };
		ACB045A3210F0CEB00159503 /* BaseNavigationController.swift in Sources */ = {isa = PBXBuildFile; fileRef = ACB045A2210F0CEB00159503 /* BaseNavigationController.swift */; };
		B317621A2148CB65005C9D25 /* RegisterViewModel.swift in Sources */ = {isa = PBXBuildFile; fileRef = B31762192148CB65005C9D25 /* RegisterViewModel.swift */; };
		B317621D2149F39F005C9D25 /* RegisterViewController.swift in Sources */ = {isa = PBXBuildFile; fileRef = B317621B2149F39F005C9D25 /* RegisterViewController.swift */; };
		B317621E2149F39F005C9D25 /* RegisterViewController.xib in Resources */ = {isa = PBXBuildFile; fileRef = B317621C2149F39F005C9D25 /* RegisterViewController.xib */; };
		B33ABC9A214B5D2900F7FF48 /* MainViewController.swift in Sources */ = {isa = PBXBuildFile; fileRef = B33ABC99214B5D2900F7FF48 /* MainViewController.swift */; };
		B33ABCA8214B98FD00F7FF48 /* SideMenuViewController.swift in Sources */ = {isa = PBXBuildFile; fileRef = B33ABCA6214B98FD00F7FF48 /* SideMenuViewController.swift */; };
		B33ABCA9214B98FD00F7FF48 /* SideMenuViewController.xib in Resources */ = {isa = PBXBuildFile; fileRef = B33ABCA7214B98FD00F7FF48 /* SideMenuViewController.xib */; };
		B33ABCB2214F566500F7FF48 /* SideMenuViewModel.swift in Sources */ = {isa = PBXBuildFile; fileRef = B33ABCB1214F566500F7FF48 /* SideMenuViewModel.swift */; };
		B356BA10214F8A38002955B9 /* PlayfairDisplaySC-Italic.otf in Resources */ = {isa = PBXBuildFile; fileRef = B356BA04214F8A36002955B9 /* PlayfairDisplaySC-Italic.otf */; };
		B356BA11214F8A38002955B9 /* PlayfairDisplaySC-Bold.otf in Resources */ = {isa = PBXBuildFile; fileRef = B356BA05214F8A36002955B9 /* PlayfairDisplaySC-Bold.otf */; };
		B356BA12214F8A38002955B9 /* PlayfairDisplay-BlackItalic.otf in Resources */ = {isa = PBXBuildFile; fileRef = B356BA06214F8A36002955B9 /* PlayfairDisplay-BlackItalic.otf */; };
		B356BA13214F8A38002955B9 /* PlayfairDisplay-BoldItalic.otf in Resources */ = {isa = PBXBuildFile; fileRef = B356BA07214F8A37002955B9 /* PlayfairDisplay-BoldItalic.otf */; };
		B356BA14214F8A38002955B9 /* PlayfairDisplaySC-BoldItalic.otf in Resources */ = {isa = PBXBuildFile; fileRef = B356BA08214F8A37002955B9 /* PlayfairDisplaySC-BoldItalic.otf */; };
		B356BA15214F8A38002955B9 /* PlayfairDisplaySC-Regular.otf in Resources */ = {isa = PBXBuildFile; fileRef = B356BA09214F8A37002955B9 /* PlayfairDisplaySC-Regular.otf */; };
		B356BA16214F8A38002955B9 /* PlayfairDisplaySC-Black.otf in Resources */ = {isa = PBXBuildFile; fileRef = B356BA0A214F8A37002955B9 /* PlayfairDisplaySC-Black.otf */; };
		B356BA17214F8A38002955B9 /* PlayfairDisplay-Regular.otf in Resources */ = {isa = PBXBuildFile; fileRef = B356BA0B214F8A37002955B9 /* PlayfairDisplay-Regular.otf */; };
		B356BA18214F8A38002955B9 /* PlayfairDisplay-Bold.otf in Resources */ = {isa = PBXBuildFile; fileRef = B356BA0C214F8A37002955B9 /* PlayfairDisplay-Bold.otf */; };
		B356BA19214F8A38002955B9 /* PlayfairDisplay-Italic.otf in Resources */ = {isa = PBXBuildFile; fileRef = B356BA0D214F8A37002955B9 /* PlayfairDisplay-Italic.otf */; };
		B356BA1A214F8A38002955B9 /* PlayfairDisplaySC-BlackItalic.otf in Resources */ = {isa = PBXBuildFile; fileRef = B356BA0E214F8A37002955B9 /* PlayfairDisplaySC-BlackItalic.otf */; };
		B356BA1B214F8A38002955B9 /* PlayfairDisplay-Black.otf in Resources */ = {isa = PBXBuildFile; fileRef = B356BA0F214F8A38002955B9 /* PlayfairDisplay-Black.otf */; };
		B356BA1F214F95FA002955B9 /* TeacherViewController.swift in Sources */ = {isa = PBXBuildFile; fileRef = B356BA1D214F95FA002955B9 /* TeacherViewController.swift */; };
		B356BA20214F95FA002955B9 /* TeacherViewController.xib in Resources */ = {isa = PBXBuildFile; fileRef = B356BA1E214F95FA002955B9 /* TeacherViewController.xib */; };
		B356BA3F2150E602002955B9 /* RegisterSuccessViewController.swift in Sources */ = {isa = PBXBuildFile; fileRef = B356BA3D2150E602002955B9 /* RegisterSuccessViewController.swift */; };
		B356BA402150E602002955B9 /* RegisterSuccessViewController.xib in Resources */ = {isa = PBXBuildFile; fileRef = B356BA3E2150E602002955B9 /* RegisterSuccessViewController.xib */; };
		B356BA502151FD87002955B9 /* Course.swift in Sources */ = {isa = PBXBuildFile; fileRef = B356BA4F2151FD87002955B9 /* Course.swift */; };
		B356BA5421520C9E002955B9 /* CoverCell.swift in Sources */ = {isa = PBXBuildFile; fileRef = B356BA5221520C9E002955B9 /* CoverCell.swift */; };
		B356BA5521520C9E002955B9 /* CoverCell.xib in Resources */ = {isa = PBXBuildFile; fileRef = B356BA5321520C9E002955B9 /* CoverCell.xib */; };
		B358301A2115624500E3E419 /* User.swift in Sources */ = {isa = PBXBuildFile; fileRef = B35830192115624500E3E419 /* User.swift */; };
		B374DB5E2147681B005C1FE2 /* HomeViewController.xib in Resources */ = {isa = PBXBuildFile; fileRef = B374DB4A21476819005C1FE2 /* HomeViewController.xib */; };
		B374DB5F2147681B005C1FE2 /* HomeViewController.swift in Sources */ = {isa = PBXBuildFile; fileRef = B374DB4B21476819005C1FE2 /* HomeViewController.swift */; };
		B374DB662147681B005C1FE2 /* ProfileViewController.xib in Resources */ = {isa = PBXBuildFile; fileRef = B374DB562147681A005C1FE2 /* ProfileViewController.xib */; };
		B374DB672147681B005C1FE2 /* ProfileViewController.swift in Sources */ = {isa = PBXBuildFile; fileRef = B374DB572147681A005C1FE2 /* ProfileViewController.swift */; };
		B374DB70214775AC005C1FE2 /* AboutViewController.swift in Sources */ = {isa = PBXBuildFile; fileRef = B374DB6E214775AC005C1FE2 /* AboutViewController.swift */; };
		B374DB71214775AC005C1FE2 /* AboutViewController.xib in Resources */ = {isa = PBXBuildFile; fileRef = B374DB6F214775AC005C1FE2 /* AboutViewController.xib */; };
		B374DB74214775BE005C1FE2 /* BlogViewController.swift in Sources */ = {isa = PBXBuildFile; fileRef = B374DB72214775BE005C1FE2 /* BlogViewController.swift */; };
		B374DB75214775BE005C1FE2 /* BlogViewController.xib in Resources */ = {isa = PBXBuildFile; fileRef = B374DB73214775BE005C1FE2 /* BlogViewController.xib */; };
		B374DB78214775D0005C1FE2 /* CoursesViewController.swift in Sources */ = {isa = PBXBuildFile; fileRef = B374DB76214775D0005C1FE2 /* CoursesViewController.swift */; };
		B374DB79214775D0005C1FE2 /* CoursesViewController.xib in Resources */ = {isa = PBXBuildFile; fileRef = B374DB77214775D0005C1FE2 /* CoursesViewController.xib */; };
		B374DB84214783C0005C1FE2 /* Heebo-Thin.ttf in Resources */ = {isa = PBXBuildFile; fileRef = B374DB7D214783BF005C1FE2 /* Heebo-Thin.ttf */; };
		B374DB85214783C0005C1FE2 /* Heebo-ExtraBold.ttf in Resources */ = {isa = PBXBuildFile; fileRef = B374DB7E214783BF005C1FE2 /* Heebo-ExtraBold.ttf */; };
		B374DB86214783C0005C1FE2 /* Heebo-Regular.ttf in Resources */ = {isa = PBXBuildFile; fileRef = B374DB7F214783BF005C1FE2 /* Heebo-Regular.ttf */; };
		B374DB87214783C0005C1FE2 /* Heebo-Bold.ttf in Resources */ = {isa = PBXBuildFile; fileRef = B374DB80214783BF005C1FE2 /* Heebo-Bold.ttf */; };
		B374DB88214783C0005C1FE2 /* Heebo-Light.ttf in Resources */ = {isa = PBXBuildFile; fileRef = B374DB81214783BF005C1FE2 /* Heebo-Light.ttf */; };
		B374DB89214783C0005C1FE2 /* Heebo-Medium.ttf in Resources */ = {isa = PBXBuildFile; fileRef = B374DB82214783C0005C1FE2 /* Heebo-Medium.ttf */; };
		B374DB8A214783C0005C1FE2 /* Heebo-Black.ttf in Resources */ = {isa = PBXBuildFile; fileRef = B374DB83214783C0005C1FE2 /* Heebo-Black.ttf */; };
		B374DB8C2147A1E1005C1FE2 /* UIButtonExt.swift in Sources */ = {isa = PBXBuildFile; fileRef = B374DB8B2147A1E1005C1FE2 /* UIButtonExt.swift */; };
		B38230EC215B386F000C718A /* TeacherViewModel.swift in Sources */ = {isa = PBXBuildFile; fileRef = B38230EB215B386F000C718A /* TeacherViewModel.swift */; };
		B38230F0215B445A000C718A /* TeacherTableCell.swift in Sources */ = {isa = PBXBuildFile; fileRef = B38230EE215B445A000C718A /* TeacherTableCell.swift */; };
		B38230F1215B445A000C718A /* TeacherTableCell.xib in Resources */ = {isa = PBXBuildFile; fileRef = B38230EF215B445A000C718A /* TeacherTableCell.xib */; };
		B38230F3215B46F7000C718A /* TeacherTableCellViewModel.swift in Sources */ = {isa = PBXBuildFile; fileRef = B38230F2215B46F7000C718A /* TeacherTableCellViewModel.swift */; };
		B3D26DA1215333040093FE42 /* UIScreenExt.swift in Sources */ = {isa = PBXBuildFile; fileRef = B3D26D9F215333040093FE42 /* UIScreenExt.swift */; };
		B3D26DA2215333040093FE42 /* DateExt.swift in Sources */ = {isa = PBXBuildFile; fileRef = B3D26DA0215333040093FE42 /* DateExt.swift */; };
		B3D26DA42153330D0093FE42 /* DummyData.swift in Sources */ = {isa = PBXBuildFile; fileRef = B3D26DA32153330D0093FE42 /* DummyData.swift */; };
		B3D26DA6215333200093FE42 /* Entry.swift in Sources */ = {isa = PBXBuildFile; fileRef = B3D26DA5215333200093FE42 /* Entry.swift */; };
		B3D26DB3215333570093FE42 /* SideMenuCell.xib in Resources */ = {isa = PBXBuildFile; fileRef = B3D26DA8215333570093FE42 /* SideMenuCell.xib */; };
		B3D26DB4215333570093FE42 /* SideMenuCell.swift in Sources */ = {isa = PBXBuildFile; fileRef = B3D26DA9215333570093FE42 /* SideMenuCell.swift */; };
		B3D26DB5215333570093FE42 /* SideMenuCellViewModel.swift in Sources */ = {isa = PBXBuildFile; fileRef = B3D26DAA215333570093FE42 /* SideMenuCellViewModel.swift */; };
		B3D26DB6215333570093FE42 /* BlogCell.swift in Sources */ = {isa = PBXBuildFile; fileRef = B3D26DAC215333570093FE42 /* BlogCell.swift */; };
		B3D26DB7215333570093FE42 /* BlogCell.xib in Resources */ = {isa = PBXBuildFile; fileRef = B3D26DAD215333570093FE42 /* BlogCell.xib */; };
		B3D26DB8215333570093FE42 /* BlogCellViewModel.swift in Sources */ = {isa = PBXBuildFile; fileRef = B3D26DAE215333570093FE42 /* BlogCellViewModel.swift */; };
		B3D26DBD215333A70093FE42 /* BlogViewModel.swift in Sources */ = {isa = PBXBuildFile; fileRef = B3D26DBC215333A70093FE42 /* BlogViewModel.swift */; };
		B3D26DC3215345AD0093FE42 /* CourseCell.swift in Sources */ = {isa = PBXBuildFile; fileRef = B3D26DC1215345AD0093FE42 /* CourseCell.swift */; };
		B3D26DC4215345AD0093FE42 /* CourseCell.xib in Resources */ = {isa = PBXBuildFile; fileRef = B3D26DC2215345AD0093FE42 /* CourseCell.xib */; };
		B3D26DCB21535AED0093FE42 /* CoursesViewModel.swift in Sources */ = {isa = PBXBuildFile; fileRef = B3D26DCA21535AED0093FE42 /* CoursesViewModel.swift */; };
		B3D26DCD21535C580093FE42 /* CourseCellViewModel.swift in Sources */ = {isa = PBXBuildFile; fileRef = B3D26DCC21535C580093FE42 /* CourseCellViewModel.swift */; };
		B3D26E1021589D2D0093FE42 /* HeaderView.swift in Sources */ = {isa = PBXBuildFile; fileRef = B3D26E0F21589D2D0093FE42 /* HeaderView.swift */; };
		B3D26E1221589D400093FE42 /* HeaderView.xib in Resources */ = {isa = PBXBuildFile; fileRef = B3D26E1121589D400093FE42 /* HeaderView.xib */; };
		B3D26E142158A0C80093FE42 /* HeaderViewModel.swift in Sources */ = {isa = PBXBuildFile; fileRef = B3D26E132158A0C80093FE42 /* HeaderViewModel.swift */; };
		B3D26E192159CD520093FE42 /* SearchViewController.swift in Sources */ = {isa = PBXBuildFile; fileRef = B3D26E162159CD510093FE42 /* SearchViewController.swift */; };
		B3D26E1A2159CD520093FE42 /* SearchViewModel.swift in Sources */ = {isa = PBXBuildFile; fileRef = B3D26E172159CD510093FE42 /* SearchViewModel.swift */; };
		B3D26E1B2159CD520093FE42 /* SearchViewController.xib in Resources */ = {isa = PBXBuildFile; fileRef = B3D26E182159CD510093FE42 /* SearchViewController.xib */; };
		B3D26E202159CD6F0093FE42 /* HistorySearchCellViewModel.swift in Sources */ = {isa = PBXBuildFile; fileRef = B3D26E1D2159CD6E0093FE42 /* HistorySearchCellViewModel.swift */; };
		B3D26E212159CD6F0093FE42 /* HistorySearchCell.swift in Sources */ = {isa = PBXBuildFile; fileRef = B3D26E1E2159CD6E0093FE42 /* HistorySearchCell.swift */; };
		B3D26E222159CD6F0093FE42 /* HistorySearchCell.xib in Resources */ = {isa = PBXBuildFile; fileRef = B3D26E1F2159CD6E0093FE42 /* HistorySearchCell.xib */; };
		B3D26E2B215A158D0093FE42 /* SlideCollectionCell.swift in Sources */ = {isa = PBXBuildFile; fileRef = B3D26E29215A158C0093FE42 /* SlideCollectionCell.swift */; };
		B3D26E2C215A158D0093FE42 /* SlideCollectionCell.xib in Resources */ = {isa = PBXBuildFile; fileRef = B3D26E2A215A158C0093FE42 /* SlideCollectionCell.xib */; };
		B3D26E2E215A17D70093FE42 /* Slide.swift in Sources */ = {isa = PBXBuildFile; fileRef = B3D26E2D215A17D70093FE42 /* Slide.swift */; };
		B3D26E30215A1FE70093FE42 /* SlideCollectionCellViewModel.swift in Sources */ = {isa = PBXBuildFile; fileRef = B3D26E2F215A1FE70093FE42 /* SlideCollectionCellViewModel.swift */; };
		B3D3564521227A2100D29B1A /* Session.swift in Sources */ = {isa = PBXBuildFile; fileRef = B3D3564421227A2100D29B1A /* Session.swift */; };
		B3D3564721227A9E00D29B1A /* Key.swift in Sources */ = {isa = PBXBuildFile; fileRef = B3D3564621227A9E00D29B1A /* Key.swift */; };
		CDE9EE1121194B9B00298DD0 /* gif_eye_vocab.gif in Resources */ = {isa = PBXBuildFile; fileRef = CDE9EE0F21194B9B00298DD0 /* gif_eye_vocab.gif */; };
		CDE9EE1221194B9B00298DD0 /* gif_social_vocab.gif in Resources */ = {isa = PBXBuildFile; fileRef = CDE9EE1021194B9B00298DD0 /* gif_social_vocab.gif */; };
		D028ADD12AA8716ECB14FFD9 /* Pods_MyApp_MyAppTests.framework in Frameworks */ = {isa = PBXBuildFile; fileRef = F49F1AB05FCB88523C52A0ED /* Pods_MyApp_MyAppTests.framework */; };
		EC0105521E8F8AE000CE013D /* Assets.xcassets in Resources */ = {isa = PBXBuildFile; fileRef = EC0105401E8F8ADF00CE013D /* Assets.xcassets */; };
		EC0105541E8F8AE000CE013D /* AppDelegate.swift in Sources */ = {isa = PBXBuildFile; fileRef = EC0105441E8F8ADF00CE013D /* AppDelegate.swift */; };
		EC2C488D1EAF011C00B22F4B /* Utils.swift in Sources */ = {isa = PBXBuildFile; fileRef = EC2C488C1EAF011C00B22F4B /* Utils.swift */; };
		EC332A481EA0A8CB0011DF1E /* Api.swift in Sources */ = {isa = PBXBuildFile; fileRef = EC332A471EA0A8CB0011DF1E /* Api.swift */; };
		EC5337B51EF7845700ACE038 /* Color.swift in Sources */ = {isa = PBXBuildFile; fileRef = EC5337B41EF7845700ACE038 /* Color.swift */; };
		EC5337B71EF78CD800ACE038 /* App.swift in Sources */ = {isa = PBXBuildFile; fileRef = EC5337B61EF78CD800ACE038 /* App.swift */; };
		EC5337BA1EF78E4D00ACE038 /* Localizable.strings in Resources */ = {isa = PBXBuildFile; fileRef = EC5337BC1EF78E4D00ACE038 /* Localizable.strings */; };
		EC5337BE1EF78FEA00ACE038 /* Font.swift in Sources */ = {isa = PBXBuildFile; fileRef = EC5337BD1EF78FEA00ACE038 /* Font.swift */; };
		EC5337C11EF7939C00ACE038 /* TableCell.swift in Sources */ = {isa = PBXBuildFile; fileRef = EC5337C01EF7939C00ACE038 /* TableCell.swift */; };
		EC5337C31EF793B100ACE038 /* CollectionCell.swift in Sources */ = {isa = PBXBuildFile; fileRef = EC5337C21EF793B100ACE038 /* CollectionCell.swift */; };
		ECC3B1C51EC17044001345C6 /* StringTests.swift in Sources */ = {isa = PBXBuildFile; fileRef = ECC3B1C41EC17044001345C6 /* StringTests.swift */; };
		ECC3B1C91EC1A2EA001345C6 /* NSURLTests.swift in Sources */ = {isa = PBXBuildFile; fileRef = ECC3B1C81EC1A2EA001345C6 /* NSURLTests.swift */; };
		ECC3B1CB1EC1B196001345C6 /* DictionayTests.swift in Sources */ = {isa = PBXBuildFile; fileRef = ECC3B1CA1EC1B196001345C6 /* DictionayTests.swift */; };
		ECC5B2CD1EF906CA001A97BC /* BaseViewController.swift in Sources */ = {isa = PBXBuildFile; fileRef = ECC5B2CC1EF906CA001A97BC /* BaseViewController.swift */; };
		ECD1C29B1EA725B1000EC989 /* InputViewExt.swift in Sources */ = {isa = PBXBuildFile; fileRef = ECD1C29A1EA725B1000EC989 /* InputViewExt.swift */; };
		ECEC0C581ED44C5D00F6760A /* String.swift in Sources */ = {isa = PBXBuildFile; fileRef = ECEC0C571ED44C5D00F6760A /* String.swift */; };
		ECEC0C5A1ED44D4100F6760A /* UIViewControllerExt.swift in Sources */ = {isa = PBXBuildFile; fileRef = ECEC0C591ED44D4100F6760A /* UIViewControllerExt.swift */; };
		ECEC0C5E1ED44D7700F6760A /* MapperExt.swift in Sources */ = {isa = PBXBuildFile; fileRef = ECEC0C5D1ED44D7700F6760A /* MapperExt.swift */; };
		ECF23AB41E9B869B008C23C1 /* ApiManager.swift in Sources */ = {isa = PBXBuildFile; fileRef = ECF23AB11E9B869B008C23C1 /* ApiManager.swift */; };
		ECF23ABA1E9B89B2008C23C1 /* RequestSerializer.swift in Sources */ = {isa = PBXBuildFile; fileRef = ECF23AB71E9B89B2008C23C1 /* RequestSerializer.swift */; };
		ECF23ABB1E9B89B2008C23C1 /* ResponseSerializer.swift in Sources */ = {isa = PBXBuildFile; fileRef = ECF23AB81E9B89B2008C23C1 /* ResponseSerializer.swift */; };
		ECF23ABE1E9B8A6A008C23C1 /* Error.swift in Sources */ = {isa = PBXBuildFile; fileRef = ECF23ABD1E9B8A6A008C23C1 /* Error.swift */; };
		ECF23AC31E9B9264008C23C1 /* StringExt.swift in Sources */ = {isa = PBXBuildFile; fileRef = ECF23AC21E9B9264008C23C1 /* StringExt.swift */; };
		F00DED8821537F8A0089F54D /* HomeViewModel.swift in Sources */ = {isa = PBXBuildFile; fileRef = F00DED8721537F8A0089F54D /* HomeViewModel.swift */; };
		F00DED8A215380080089F54D /* Teacher.swift in Sources */ = {isa = PBXBuildFile; fileRef = F00DED89215380080089F54D /* Teacher.swift */; };
		F00DED95215381A70089F54D /* TeacherCollectionViewCell.swift in Sources */ = {isa = PBXBuildFile; fileRef = F00DED93215381A70089F54D /* TeacherCollectionViewCell.swift */; };
		F00DED96215381A70089F54D /* TeacherCollectionViewCell.xib in Resources */ = {isa = PBXBuildFile; fileRef = F00DED94215381A70089F54D /* TeacherCollectionViewCell.xib */; };
		F00DED9A2153826B0089F54D /* TeacherCollectionCellModel.swift in Sources */ = {isa = PBXBuildFile; fileRef = F00DED992153826B0089F54D /* TeacherCollectionCellModel.swift */; };
		F00DED9D215382970089F54D /* HomeTableViewCell.swift in Sources */ = {isa = PBXBuildFile; fileRef = F00DED9B215382970089F54D /* HomeTableViewCell.swift */; };
		F00DED9E215382970089F54D /* HomeTableViewCell.xib in Resources */ = {isa = PBXBuildFile; fileRef = F00DED9C215382970089F54D /* HomeTableViewCell.xib */; };
		F00DEDA0215382AD0089F54D /* HomeTableCellModel.swift in Sources */ = {isa = PBXBuildFile; fileRef = F00DED9F215382AD0089F54D /* HomeTableCellModel.swift */; };
		F00DEDA22153837C0089F54D /* BJAutoScrollingCollectionView.swift in Sources */ = {isa = PBXBuildFile; fileRef = F00DEDA12153837C0089F54D /* BJAutoScrollingCollectionView.swift */; };
		F1C6352C1EF141F300D0A1A0 /* LaunchScreen.storyboard in Resources */ = {isa = PBXBuildFile; fileRef = F1C6352B1EF141F300D0A1A0 /* LaunchScreen.storyboard */; };
/* End PBXBuildFile section */

/* Begin PBXContainerItemProxy section */
		ECCCCB2D1E7A40D10073D923 /* PBXContainerItemProxy */ = {
			isa = PBXContainerItemProxy;
			containerPortal = ECCCCB101E7A40D00073D923 /* Project object */;
			proxyType = 1;
			remoteGlobalIDString = ECCCCB171E7A40D00073D923;
			remoteInfo = MVVM;
		};
/* End PBXContainerItemProxy section */

/* Begin PBXCopyFilesBuildPhase section */
		EC01052F1E8F895300CE013D /* Embed Frameworks */ = {
			isa = PBXCopyFilesBuildPhase;
			buildActionMask = 2147483647;
			dstPath = "";
			dstSubfolderSpec = 10;
			files = (
			);
			name = "Embed Frameworks";
			runOnlyForDeploymentPostprocessing = 0;
		};
/* End PBXCopyFilesBuildPhase section */

/* Begin PBXFileReference section */
		0B1CAE12BFD16ACB405EADB3 /* Pods-MyApp-MyAppTests.release.xcconfig */ = {isa = PBXFileReference; includeInIndex = 1; lastKnownFileType = text.xcconfig; name = "Pods-MyApp-MyAppTests.release.xcconfig"; path = "Pods/Target Support Files/Pods-MyApp-MyAppTests/Pods-MyApp-MyAppTests.release.xcconfig"; sourceTree = "<group>"; };
		2471FFF2396065422C1E00E8 /* Pods-MyApp.staging.xcconfig */ = {isa = PBXFileReference; includeInIndex = 1; lastKnownFileType = text.xcconfig; name = "Pods-MyApp.staging.xcconfig"; path = "Pods/Target Support Files/Pods-MyApp/Pods-MyApp.staging.xcconfig"; sourceTree = "<group>"; };
		3934B2D542E2F17D926ED64E /* Pods-MyApp-MyAppTests.staging.xcconfig */ = {isa = PBXFileReference; includeInIndex = 1; lastKnownFileType = text.xcconfig; name = "Pods-MyApp-MyAppTests.staging.xcconfig"; path = "Pods/Target Support Files/Pods-MyApp-MyAppTests/Pods-MyApp-MyAppTests.staging.xcconfig"; sourceTree = "<group>"; };
		47FCF93A9948D710C06CECAF /* Pods-MyApp.release.xcconfig */ = {isa = PBXFileReference; includeInIndex = 1; lastKnownFileType = text.xcconfig; name = "Pods-MyApp.release.xcconfig"; path = "Pods/Target Support Files/Pods-MyApp/Pods-MyApp.release.xcconfig"; sourceTree = "<group>"; };
		48F8D478234569385F88AC15 /* Pods-MyApp.debug.xcconfig */ = {isa = PBXFileReference; includeInIndex = 1; lastKnownFileType = text.xcconfig; name = "Pods-MyApp.debug.xcconfig"; path = "Pods/Target Support Files/Pods-MyApp/Pods-MyApp.debug.xcconfig"; sourceTree = "<group>"; };
		6238ADD621116D37003D4B8E /* LoginViewController.xib */ = {isa = PBXFileReference; fileEncoding = 4; lastKnownFileType = file.xib; path = LoginViewController.xib; sourceTree = "<group>"; };
		6238ADD721116D37003D4B8E /* LoginViewController.swift */ = {isa = PBXFileReference; fileEncoding = 4; lastKnownFileType = sourcecode.swift; path = LoginViewController.swift; sourceTree = "<group>"; };
		6252A17421195647009F6F43 /* Speaker.swift */ = {isa = PBXFileReference; fileEncoding = 4; lastKnownFileType = sourcecode.swift; path = Speaker.swift; sourceTree = "<group>"; };
		625DF88F2111BB8B007958F6 /* LoginViewModel.swift */ = {isa = PBXFileReference; lastKnownFileType = sourcecode.swift; path = LoginViewModel.swift; sourceTree = "<group>"; };
		629E064D2126EE05004D29E0 /* Errors.swift */ = {isa = PBXFileReference; lastKnownFileType = sourcecode.swift; path = Errors.swift; sourceTree = "<group>"; };
		7E8000CCB9AE328B83764288 /* Pods_MyApp.framework */ = {isa = PBXFileReference; explicitFileType = wrapper.framework; includeInIndex = 0; path = Pods_MyApp.framework; sourceTree = BUILT_PRODUCTS_DIR; };
		ACB045A2210F0CEB00159503 /* BaseNavigationController.swift */ = {isa = PBXFileReference; lastKnownFileType = sourcecode.swift; path = BaseNavigationController.swift; sourceTree = "<group>"; };
		B31762192148CB65005C9D25 /* RegisterViewModel.swift */ = {isa = PBXFileReference; lastKnownFileType = sourcecode.swift; path = RegisterViewModel.swift; sourceTree = "<group>"; };
		B317621B2149F39F005C9D25 /* RegisterViewController.swift */ = {isa = PBXFileReference; lastKnownFileType = sourcecode.swift; path = RegisterViewController.swift; sourceTree = "<group>"; };
		B317621C2149F39F005C9D25 /* RegisterViewController.xib */ = {isa = PBXFileReference; lastKnownFileType = file.xib; path = RegisterViewController.xib; sourceTree = "<group>"; };
		B33ABC99214B5D2900F7FF48 /* MainViewController.swift */ = {isa = PBXFileReference; lastKnownFileType = sourcecode.swift; path = MainViewController.swift; sourceTree = "<group>"; };
		B33ABCA6214B98FD00F7FF48 /* SideMenuViewController.swift */ = {isa = PBXFileReference; lastKnownFileType = sourcecode.swift; path = SideMenuViewController.swift; sourceTree = "<group>"; };
		B33ABCA7214B98FD00F7FF48 /* SideMenuViewController.xib */ = {isa = PBXFileReference; lastKnownFileType = file.xib; path = SideMenuViewController.xib; sourceTree = "<group>"; };
		B33ABCB1214F566500F7FF48 /* SideMenuViewModel.swift */ = {isa = PBXFileReference; lastKnownFileType = sourcecode.swift; path = SideMenuViewModel.swift; sourceTree = "<group>"; };
		B356BA04214F8A36002955B9 /* PlayfairDisplaySC-Italic.otf */ = {isa = PBXFileReference; lastKnownFileType = file; path = "PlayfairDisplaySC-Italic.otf"; sourceTree = "<group>"; };
		B356BA05214F8A36002955B9 /* PlayfairDisplaySC-Bold.otf */ = {isa = PBXFileReference; lastKnownFileType = file; path = "PlayfairDisplaySC-Bold.otf"; sourceTree = "<group>"; };
		B356BA06214F8A36002955B9 /* PlayfairDisplay-BlackItalic.otf */ = {isa = PBXFileReference; lastKnownFileType = file; path = "PlayfairDisplay-BlackItalic.otf"; sourceTree = "<group>"; };
		B356BA07214F8A37002955B9 /* PlayfairDisplay-BoldItalic.otf */ = {isa = PBXFileReference; lastKnownFileType = file; path = "PlayfairDisplay-BoldItalic.otf"; sourceTree = "<group>"; };
		B356BA08214F8A37002955B9 /* PlayfairDisplaySC-BoldItalic.otf */ = {isa = PBXFileReference; lastKnownFileType = file; path = "PlayfairDisplaySC-BoldItalic.otf"; sourceTree = "<group>"; };
		B356BA09214F8A37002955B9 /* PlayfairDisplaySC-Regular.otf */ = {isa = PBXFileReference; lastKnownFileType = file; path = "PlayfairDisplaySC-Regular.otf"; sourceTree = "<group>"; };
		B356BA0A214F8A37002955B9 /* PlayfairDisplaySC-Black.otf */ = {isa = PBXFileReference; lastKnownFileType = file; path = "PlayfairDisplaySC-Black.otf"; sourceTree = "<group>"; };
		B356BA0B214F8A37002955B9 /* PlayfairDisplay-Regular.otf */ = {isa = PBXFileReference; lastKnownFileType = file; path = "PlayfairDisplay-Regular.otf"; sourceTree = "<group>"; };
		B356BA0C214F8A37002955B9 /* PlayfairDisplay-Bold.otf */ = {isa = PBXFileReference; lastKnownFileType = file; path = "PlayfairDisplay-Bold.otf"; sourceTree = "<group>"; };
		B356BA0D214F8A37002955B9 /* PlayfairDisplay-Italic.otf */ = {isa = PBXFileReference; lastKnownFileType = file; path = "PlayfairDisplay-Italic.otf"; sourceTree = "<group>"; };
		B356BA0E214F8A37002955B9 /* PlayfairDisplaySC-BlackItalic.otf */ = {isa = PBXFileReference; lastKnownFileType = file; path = "PlayfairDisplaySC-BlackItalic.otf"; sourceTree = "<group>"; };
		B356BA0F214F8A38002955B9 /* PlayfairDisplay-Black.otf */ = {isa = PBXFileReference; lastKnownFileType = file; path = "PlayfairDisplay-Black.otf"; sourceTree = "<group>"; };
		B356BA1D214F95FA002955B9 /* TeacherViewController.swift */ = {isa = PBXFileReference; lastKnownFileType = sourcecode.swift; path = TeacherViewController.swift; sourceTree = "<group>"; };
		B356BA1E214F95FA002955B9 /* TeacherViewController.xib */ = {isa = PBXFileReference; lastKnownFileType = file.xib; path = TeacherViewController.xib; sourceTree = "<group>"; };
		B356BA3D2150E602002955B9 /* RegisterSuccessViewController.swift */ = {isa = PBXFileReference; lastKnownFileType = sourcecode.swift; path = RegisterSuccessViewController.swift; sourceTree = "<group>"; };
		B356BA3E2150E602002955B9 /* RegisterSuccessViewController.xib */ = {isa = PBXFileReference; lastKnownFileType = file.xib; path = RegisterSuccessViewController.xib; sourceTree = "<group>"; };
		B356BA4F2151FD87002955B9 /* Course.swift */ = {isa = PBXFileReference; lastKnownFileType = sourcecode.swift; path = Course.swift; sourceTree = "<group>"; };
		B356BA5221520C9E002955B9 /* CoverCell.swift */ = {isa = PBXFileReference; lastKnownFileType = sourcecode.swift; path = CoverCell.swift; sourceTree = "<group>"; };
		B356BA5321520C9E002955B9 /* CoverCell.xib */ = {isa = PBXFileReference; lastKnownFileType = file.xib; path = CoverCell.xib; sourceTree = "<group>"; };
		B35830192115624500E3E419 /* User.swift */ = {isa = PBXFileReference; lastKnownFileType = sourcecode.swift; path = User.swift; sourceTree = "<group>"; };
		B374DB4A21476819005C1FE2 /* HomeViewController.xib */ = {isa = PBXFileReference; fileEncoding = 4; lastKnownFileType = file.xib; path = HomeViewController.xib; sourceTree = "<group>"; };
		B374DB4B21476819005C1FE2 /* HomeViewController.swift */ = {isa = PBXFileReference; fileEncoding = 4; lastKnownFileType = sourcecode.swift; path = HomeViewController.swift; sourceTree = "<group>"; };
		B374DB562147681A005C1FE2 /* ProfileViewController.xib */ = {isa = PBXFileReference; fileEncoding = 4; lastKnownFileType = file.xib; path = ProfileViewController.xib; sourceTree = "<group>"; };
		B374DB572147681A005C1FE2 /* ProfileViewController.swift */ = {isa = PBXFileReference; fileEncoding = 4; lastKnownFileType = sourcecode.swift; path = ProfileViewController.swift; sourceTree = "<group>"; };
		B374DB6E214775AC005C1FE2 /* AboutViewController.swift */ = {isa = PBXFileReference; lastKnownFileType = sourcecode.swift; path = AboutViewController.swift; sourceTree = "<group>"; };
		B374DB6F214775AC005C1FE2 /* AboutViewController.xib */ = {isa = PBXFileReference; lastKnownFileType = file.xib; path = AboutViewController.xib; sourceTree = "<group>"; };
		B374DB72214775BE005C1FE2 /* BlogViewController.swift */ = {isa = PBXFileReference; lastKnownFileType = sourcecode.swift; path = BlogViewController.swift; sourceTree = "<group>"; };
		B374DB73214775BE005C1FE2 /* BlogViewController.xib */ = {isa = PBXFileReference; lastKnownFileType = file.xib; path = BlogViewController.xib; sourceTree = "<group>"; };
		B374DB76214775D0005C1FE2 /* CoursesViewController.swift */ = {isa = PBXFileReference; lastKnownFileType = sourcecode.swift; path = CoursesViewController.swift; sourceTree = "<group>"; };
		B374DB77214775D0005C1FE2 /* CoursesViewController.xib */ = {isa = PBXFileReference; lastKnownFileType = file.xib; path = CoursesViewController.xib; sourceTree = "<group>"; };
		B374DB7D214783BF005C1FE2 /* Heebo-Thin.ttf */ = {isa = PBXFileReference; lastKnownFileType = file; path = "Heebo-Thin.ttf"; sourceTree = "<group>"; };
		B374DB7E214783BF005C1FE2 /* Heebo-ExtraBold.ttf */ = {isa = PBXFileReference; lastKnownFileType = file; path = "Heebo-ExtraBold.ttf"; sourceTree = "<group>"; };
		B374DB7F214783BF005C1FE2 /* Heebo-Regular.ttf */ = {isa = PBXFileReference; lastKnownFileType = file; path = "Heebo-Regular.ttf"; sourceTree = "<group>"; };
		B374DB80214783BF005C1FE2 /* Heebo-Bold.ttf */ = {isa = PBXFileReference; lastKnownFileType = file; path = "Heebo-Bold.ttf"; sourceTree = "<group>"; };
		B374DB81214783BF005C1FE2 /* Heebo-Light.ttf */ = {isa = PBXFileReference; lastKnownFileType = file; path = "Heebo-Light.ttf"; sourceTree = "<group>"; };
		B374DB82214783C0005C1FE2 /* Heebo-Medium.ttf */ = {isa = PBXFileReference; lastKnownFileType = file; path = "Heebo-Medium.ttf"; sourceTree = "<group>"; };
		B374DB83214783C0005C1FE2 /* Heebo-Black.ttf */ = {isa = PBXFileReference; lastKnownFileType = file; path = "Heebo-Black.ttf"; sourceTree = "<group>"; };
		B374DB8B2147A1E1005C1FE2 /* UIButtonExt.swift */ = {isa = PBXFileReference; lastKnownFileType = sourcecode.swift; path = UIButtonExt.swift; sourceTree = "<group>"; };
		B38230EB215B386F000C718A /* TeacherViewModel.swift */ = {isa = PBXFileReference; lastKnownFileType = sourcecode.swift; path = TeacherViewModel.swift; sourceTree = "<group>"; };
		B38230EE215B445A000C718A /* TeacherTableCell.swift */ = {isa = PBXFileReference; lastKnownFileType = sourcecode.swift; path = TeacherTableCell.swift; sourceTree = "<group>"; };
		B38230EF215B445A000C718A /* TeacherTableCell.xib */ = {isa = PBXFileReference; lastKnownFileType = file.xib; path = TeacherTableCell.xib; sourceTree = "<group>"; };
		B38230F2215B46F7000C718A /* TeacherTableCellViewModel.swift */ = {isa = PBXFileReference; lastKnownFileType = sourcecode.swift; path = TeacherTableCellViewModel.swift; sourceTree = "<group>"; };
		B3D26D9F215333040093FE42 /* UIScreenExt.swift */ = {isa = PBXFileReference; fileEncoding = 4; lastKnownFileType = sourcecode.swift; path = UIScreenExt.swift; sourceTree = "<group>"; };
		B3D26DA0215333040093FE42 /* DateExt.swift */ = {isa = PBXFileReference; fileEncoding = 4; lastKnownFileType = sourcecode.swift; path = DateExt.swift; sourceTree = "<group>"; };
		B3D26DA32153330D0093FE42 /* DummyData.swift */ = {isa = PBXFileReference; fileEncoding = 4; lastKnownFileType = sourcecode.swift; path = DummyData.swift; sourceTree = "<group>"; };
		B3D26DA5215333200093FE42 /* Entry.swift */ = {isa = PBXFileReference; fileEncoding = 4; lastKnownFileType = sourcecode.swift; path = Entry.swift; sourceTree = "<group>"; };
		B3D26DA8215333570093FE42 /* SideMenuCell.xib */ = {isa = PBXFileReference; fileEncoding = 4; lastKnownFileType = file.xib; path = SideMenuCell.xib; sourceTree = "<group>"; };
		B3D26DA9215333570093FE42 /* SideMenuCell.swift */ = {isa = PBXFileReference; fileEncoding = 4; lastKnownFileType = sourcecode.swift; path = SideMenuCell.swift; sourceTree = "<group>"; };
		B3D26DAA215333570093FE42 /* SideMenuCellViewModel.swift */ = {isa = PBXFileReference; fileEncoding = 4; lastKnownFileType = sourcecode.swift; path = SideMenuCellViewModel.swift; sourceTree = "<group>"; };
		B3D26DAC215333570093FE42 /* BlogCell.swift */ = {isa = PBXFileReference; fileEncoding = 4; lastKnownFileType = sourcecode.swift; path = BlogCell.swift; sourceTree = "<group>"; };
		B3D26DAD215333570093FE42 /* BlogCell.xib */ = {isa = PBXFileReference; fileEncoding = 4; lastKnownFileType = file.xib; path = BlogCell.xib; sourceTree = "<group>"; };
		B3D26DAE215333570093FE42 /* BlogCellViewModel.swift */ = {isa = PBXFileReference; fileEncoding = 4; lastKnownFileType = sourcecode.swift; path = BlogCellViewModel.swift; sourceTree = "<group>"; };
		B3D26DBC215333A70093FE42 /* BlogViewModel.swift */ = {isa = PBXFileReference; fileEncoding = 4; lastKnownFileType = sourcecode.swift; path = BlogViewModel.swift; sourceTree = "<group>"; };
		B3D26DC1215345AD0093FE42 /* CourseCell.swift */ = {isa = PBXFileReference; lastKnownFileType = sourcecode.swift; path = CourseCell.swift; sourceTree = "<group>"; };
		B3D26DC2215345AD0093FE42 /* CourseCell.xib */ = {isa = PBXFileReference; lastKnownFileType = file.xib; path = CourseCell.xib; sourceTree = "<group>"; };
		B3D26DCA21535AED0093FE42 /* CoursesViewModel.swift */ = {isa = PBXFileReference; lastKnownFileType = sourcecode.swift; path = CoursesViewModel.swift; sourceTree = "<group>"; };
		B3D26DCC21535C580093FE42 /* CourseCellViewModel.swift */ = {isa = PBXFileReference; lastKnownFileType = sourcecode.swift; path = CourseCellViewModel.swift; sourceTree = "<group>"; };
		B3D26E0F21589D2D0093FE42 /* HeaderView.swift */ = {isa = PBXFileReference; lastKnownFileType = sourcecode.swift; path = HeaderView.swift; sourceTree = "<group>"; };
		B3D26E1121589D400093FE42 /* HeaderView.xib */ = {isa = PBXFileReference; lastKnownFileType = file.xib; path = HeaderView.xib; sourceTree = "<group>"; };
		B3D26E132158A0C80093FE42 /* HeaderViewModel.swift */ = {isa = PBXFileReference; lastKnownFileType = sourcecode.swift; path = HeaderViewModel.swift; sourceTree = "<group>"; };
		B3D26E162159CD510093FE42 /* SearchViewController.swift */ = {isa = PBXFileReference; fileEncoding = 4; lastKnownFileType = sourcecode.swift; path = SearchViewController.swift; sourceTree = "<group>"; };
		B3D26E172159CD510093FE42 /* SearchViewModel.swift */ = {isa = PBXFileReference; fileEncoding = 4; lastKnownFileType = sourcecode.swift; path = SearchViewModel.swift; sourceTree = "<group>"; };
		B3D26E182159CD510093FE42 /* SearchViewController.xib */ = {isa = PBXFileReference; fileEncoding = 4; lastKnownFileType = file.xib; path = SearchViewController.xib; sourceTree = "<group>"; };
		B3D26E1D2159CD6E0093FE42 /* HistorySearchCellViewModel.swift */ = {isa = PBXFileReference; fileEncoding = 4; lastKnownFileType = sourcecode.swift; path = HistorySearchCellViewModel.swift; sourceTree = "<group>"; };
		B3D26E1E2159CD6E0093FE42 /* HistorySearchCell.swift */ = {isa = PBXFileReference; fileEncoding = 4; lastKnownFileType = sourcecode.swift; path = HistorySearchCell.swift; sourceTree = "<group>"; };
		B3D26E1F2159CD6E0093FE42 /* HistorySearchCell.xib */ = {isa = PBXFileReference; fileEncoding = 4; lastKnownFileType = file.xib; path = HistorySearchCell.xib; sourceTree = "<group>"; };
		B3D26E29215A158C0093FE42 /* SlideCollectionCell.swift */ = {isa = PBXFileReference; fileEncoding = 4; lastKnownFileType = sourcecode.swift; path = SlideCollectionCell.swift; sourceTree = "<group>"; };
		B3D26E2A215A158C0093FE42 /* SlideCollectionCell.xib */ = {isa = PBXFileReference; fileEncoding = 4; lastKnownFileType = file.xib; path = SlideCollectionCell.xib; sourceTree = "<group>"; };
		B3D26E2D215A17D70093FE42 /* Slide.swift */ = {isa = PBXFileReference; lastKnownFileType = sourcecode.swift; path = Slide.swift; sourceTree = "<group>"; };
		B3D26E2F215A1FE70093FE42 /* SlideCollectionCellViewModel.swift */ = {isa = PBXFileReference; lastKnownFileType = sourcecode.swift; path = SlideCollectionCellViewModel.swift; sourceTree = "<group>"; };
		B3D3564421227A2100D29B1A /* Session.swift */ = {isa = PBXFileReference; lastKnownFileType = sourcecode.swift; path = Session.swift; sourceTree = "<group>"; };
		B3D3564621227A9E00D29B1A /* Key.swift */ = {isa = PBXFileReference; lastKnownFileType = sourcecode.swift; path = Key.swift; sourceTree = "<group>"; };
		CDE9EE0F21194B9B00298DD0 /* gif_eye_vocab.gif */ = {isa = PBXFileReference; lastKnownFileType = image.gif; path = gif_eye_vocab.gif; sourceTree = "<group>"; };
		CDE9EE1021194B9B00298DD0 /* gif_social_vocab.gif */ = {isa = PBXFileReference; lastKnownFileType = image.gif; path = gif_social_vocab.gif; sourceTree = "<group>"; };
		EC0105401E8F8ADF00CE013D /* Assets.xcassets */ = {isa = PBXFileReference; lastKnownFileType = folder.assetcatalog; path = Assets.xcassets; sourceTree = "<group>"; };
		EC0105421E8F8ADF00CE013D /* Info.plist */ = {isa = PBXFileReference; fileEncoding = 4; lastKnownFileType = text.plist.xml; path = Info.plist; sourceTree = "<group>"; };
		EC0105441E8F8ADF00CE013D /* AppDelegate.swift */ = {isa = PBXFileReference; fileEncoding = 4; lastKnownFileType = sourcecode.swift; path = AppDelegate.swift; sourceTree = "<group>"; };
		EC01055C1E8F8AF000CE013D /* Info.plist */ = {isa = PBXFileReference; fileEncoding = 4; lastKnownFileType = text.plist.xml; path = Info.plist; sourceTree = "<group>"; };
		EC2C488C1EAF011C00B22F4B /* Utils.swift */ = {isa = PBXFileReference; fileEncoding = 4; lastKnownFileType = sourcecode.swift; path = Utils.swift; sourceTree = "<group>"; };
		EC332A471EA0A8CB0011DF1E /* Api.swift */ = {isa = PBXFileReference; fileEncoding = 4; lastKnownFileType = sourcecode.swift; path = Api.swift; sourceTree = "<group>"; };
		EC5337B41EF7845700ACE038 /* Color.swift */ = {isa = PBXFileReference; fileEncoding = 4; lastKnownFileType = sourcecode.swift; path = Color.swift; sourceTree = "<group>"; };
		EC5337B61EF78CD800ACE038 /* App.swift */ = {isa = PBXFileReference; fileEncoding = 4; lastKnownFileType = sourcecode.swift; path = App.swift; sourceTree = "<group>"; };
		EC5337BB1EF78E4D00ACE038 /* Base */ = {isa = PBXFileReference; lastKnownFileType = text.plist.strings; name = Base; path = Base.lproj/Localizable.strings; sourceTree = "<group>"; };
		EC5337BD1EF78FEA00ACE038 /* Font.swift */ = {isa = PBXFileReference; fileEncoding = 4; lastKnownFileType = sourcecode.swift; path = Font.swift; sourceTree = "<group>"; };
		EC5337C01EF7939C00ACE038 /* TableCell.swift */ = {isa = PBXFileReference; fileEncoding = 4; lastKnownFileType = sourcecode.swift; path = TableCell.swift; sourceTree = "<group>"; };
		EC5337C21EF793B100ACE038 /* CollectionCell.swift */ = {isa = PBXFileReference; fileEncoding = 4; lastKnownFileType = sourcecode.swift; path = CollectionCell.swift; sourceTree = "<group>"; };
		ECC3B1C41EC17044001345C6 /* StringTests.swift */ = {isa = PBXFileReference; fileEncoding = 4; lastKnownFileType = sourcecode.swift; path = StringTests.swift; sourceTree = "<group>"; };
		ECC3B1C81EC1A2EA001345C6 /* NSURLTests.swift */ = {isa = PBXFileReference; fileEncoding = 4; lastKnownFileType = sourcecode.swift; path = NSURLTests.swift; sourceTree = "<group>"; };
		ECC3B1CA1EC1B196001345C6 /* DictionayTests.swift */ = {isa = PBXFileReference; fileEncoding = 4; lastKnownFileType = sourcecode.swift; path = DictionayTests.swift; sourceTree = "<group>"; };
		ECC5B2CC1EF906CA001A97BC /* BaseViewController.swift */ = {isa = PBXFileReference; fileEncoding = 4; lastKnownFileType = sourcecode.swift; path = BaseViewController.swift; sourceTree = "<group>"; };
		ECCCCB181E7A40D00073D923 /* MyApp.app */ = {isa = PBXFileReference; explicitFileType = wrapper.application; includeInIndex = 0; path = MyApp.app; sourceTree = BUILT_PRODUCTS_DIR; };
		ECCCCB2C1E7A40D10073D923 /* MyAppTests.xctest */ = {isa = PBXFileReference; explicitFileType = wrapper.cfbundle; includeInIndex = 0; path = MyAppTests.xctest; sourceTree = BUILT_PRODUCTS_DIR; };
		ECD1C29A1EA725B1000EC989 /* InputViewExt.swift */ = {isa = PBXFileReference; fileEncoding = 4; lastKnownFileType = sourcecode.swift; path = InputViewExt.swift; sourceTree = "<group>"; };
		ECEC0C571ED44C5D00F6760A /* String.swift */ = {isa = PBXFileReference; fileEncoding = 4; lastKnownFileType = sourcecode.swift; path = String.swift; sourceTree = "<group>"; };
		ECEC0C591ED44D4100F6760A /* UIViewControllerExt.swift */ = {isa = PBXFileReference; fileEncoding = 4; lastKnownFileType = sourcecode.swift; path = UIViewControllerExt.swift; sourceTree = "<group>"; };
		ECEC0C5D1ED44D7700F6760A /* MapperExt.swift */ = {isa = PBXFileReference; fileEncoding = 4; lastKnownFileType = sourcecode.swift; path = MapperExt.swift; sourceTree = "<group>"; };
		ECF23AB11E9B869B008C23C1 /* ApiManager.swift */ = {isa = PBXFileReference; fileEncoding = 4; lastKnownFileType = sourcecode.swift; path = ApiManager.swift; sourceTree = "<group>"; };
		ECF23AB71E9B89B2008C23C1 /* RequestSerializer.swift */ = {isa = PBXFileReference; fileEncoding = 4; lastKnownFileType = sourcecode.swift; path = RequestSerializer.swift; sourceTree = "<group>"; };
		ECF23AB81E9B89B2008C23C1 /* ResponseSerializer.swift */ = {isa = PBXFileReference; fileEncoding = 4; lastKnownFileType = sourcecode.swift; path = ResponseSerializer.swift; sourceTree = "<group>"; };
		ECF23ABD1E9B8A6A008C23C1 /* Error.swift */ = {isa = PBXFileReference; fileEncoding = 4; lastKnownFileType = sourcecode.swift; path = Error.swift; sourceTree = "<group>"; };
		ECF23AC21E9B9264008C23C1 /* StringExt.swift */ = {isa = PBXFileReference; fileEncoding = 4; lastKnownFileType = sourcecode.swift; path = StringExt.swift; sourceTree = "<group>"; };
		F00DED8721537F8A0089F54D /* HomeViewModel.swift */ = {isa = PBXFileReference; lastKnownFileType = sourcecode.swift; path = HomeViewModel.swift; sourceTree = "<group>"; };
		F00DED89215380080089F54D /* Teacher.swift */ = {isa = PBXFileReference; lastKnownFileType = sourcecode.swift; path = Teacher.swift; sourceTree = "<group>"; };
		F00DED93215381A70089F54D /* TeacherCollectionViewCell.swift */ = {isa = PBXFileReference; lastKnownFileType = sourcecode.swift; path = TeacherCollectionViewCell.swift; sourceTree = "<group>"; };
		F00DED94215381A70089F54D /* TeacherCollectionViewCell.xib */ = {isa = PBXFileReference; lastKnownFileType = file.xib; path = TeacherCollectionViewCell.xib; sourceTree = "<group>"; };
		F00DED992153826B0089F54D /* TeacherCollectionCellModel.swift */ = {isa = PBXFileReference; lastKnownFileType = sourcecode.swift; path = TeacherCollectionCellModel.swift; sourceTree = "<group>"; };
		F00DED9B215382970089F54D /* HomeTableViewCell.swift */ = {isa = PBXFileReference; lastKnownFileType = sourcecode.swift; path = HomeTableViewCell.swift; sourceTree = "<group>"; };
		F00DED9C215382970089F54D /* HomeTableViewCell.xib */ = {isa = PBXFileReference; lastKnownFileType = file.xib; path = HomeTableViewCell.xib; sourceTree = "<group>"; };
		F00DED9F215382AD0089F54D /* HomeTableCellModel.swift */ = {isa = PBXFileReference; lastKnownFileType = sourcecode.swift; path = HomeTableCellModel.swift; sourceTree = "<group>"; };
		F00DEDA12153837C0089F54D /* BJAutoScrollingCollectionView.swift */ = {isa = PBXFileReference; lastKnownFileType = sourcecode.swift; path = BJAutoScrollingCollectionView.swift; sourceTree = "<group>"; };
		F1C6352B1EF141F300D0A1A0 /* LaunchScreen.storyboard */ = {isa = PBXFileReference; fileEncoding = 4; lastKnownFileType = file.storyboard; path = LaunchScreen.storyboard; sourceTree = "<group>"; };
		F49F1AB05FCB88523C52A0ED /* Pods_MyApp_MyAppTests.framework */ = {isa = PBXFileReference; explicitFileType = wrapper.framework; includeInIndex = 0; path = Pods_MyApp_MyAppTests.framework; sourceTree = BUILT_PRODUCTS_DIR; };
		FA33ABB555FDDC9158D68749 /* Pods-MyApp-MyAppTests.debug.xcconfig */ = {isa = PBXFileReference; includeInIndex = 1; lastKnownFileType = text.xcconfig; name = "Pods-MyApp-MyAppTests.debug.xcconfig"; path = "Pods/Target Support Files/Pods-MyApp-MyAppTests/Pods-MyApp-MyAppTests.debug.xcconfig"; sourceTree = "<group>"; };
/* End PBXFileReference section */

/* Begin PBXFrameworksBuildPhase section */
		ECCCCB151E7A40D00073D923 /* Frameworks */ = {
			isa = PBXFrameworksBuildPhase;
			buildActionMask = 2147483647;
			files = (
				6C392FC5AF0C61509011C30D /* Pods_MyApp.framework in Frameworks */,
			);
			runOnlyForDeploymentPostprocessing = 0;
		};
		ECCCCB291E7A40D10073D923 /* Frameworks */ = {
			isa = PBXFrameworksBuildPhase;
			buildActionMask = 2147483647;
			files = (
				D028ADD12AA8716ECB14FFD9 /* Pods_MyApp_MyAppTests.framework in Frameworks */,
			);
			runOnlyForDeploymentPostprocessing = 0;
		};
/* End PBXFrameworksBuildPhase section */

/* Begin PBXGroup section */
		60B550C083ADD72F4D2D53AA /* Pods */ = {
			isa = PBXGroup;
			children = (
				48F8D478234569385F88AC15 /* Pods-MyApp.debug.xcconfig */,
				47FCF93A9948D710C06CECAF /* Pods-MyApp.release.xcconfig */,
				2471FFF2396065422C1E00E8 /* Pods-MyApp.staging.xcconfig */,
				FA33ABB555FDDC9158D68749 /* Pods-MyApp-MyAppTests.debug.xcconfig */,
				0B1CAE12BFD16ACB405EADB3 /* Pods-MyApp-MyAppTests.release.xcconfig */,
				3934B2D542E2F17D926ED64E /* Pods-MyApp-MyAppTests.staging.xcconfig */,
			);
			name = Pods;
			sourceTree = "<group>";
		};
		6238ADD521116D37003D4B8E /* LoginViewController */ = {
			isa = PBXGroup;
			children = (
				625DF88F2111BB8B007958F6 /* LoginViewModel.swift */,
				6238ADD721116D37003D4B8E /* LoginViewController.swift */,
				6238ADD621116D37003D4B8E /* LoginViewController.xib */,
			);
			path = LoginViewController;
			sourceTree = "<group>";
		};
		6252A178211A9CEF009F6F43 /* Helper */ = {
			isa = PBXGroup;
			children = (
				B3D26DA32153330D0093FE42 /* DummyData.swift */,
				6252A17421195647009F6F43 /* Speaker.swift */,
			);
			path = Helper;
			sourceTree = "<group>";
		};
		ACB04582210EFF4400159503 /* Controller */ = {
			isa = PBXGroup;
			children = (
				B3D26E152159CD510093FE42 /* SearchViewController */,
				B356BA1C214F95CE002955B9 /* TeachersViewController */,
				B33ABC9B214B5E3C00F7FF48 /* SideMenuViewController */,
				B33ABC98214B5D0800F7FF48 /* MainViewController */,
				B374DB4921476819005C1FE2 /* HomeViewController */,
				B374DB4F2147681A005C1FE2 /* CoursesViewController */,
				B374DB552147681A005C1FE2 /* ProfileVIewController */,
				B374DB582147681B005C1FE2 /* BlogViewController */,
				B374DB522147681A005C1FE2 /* RegisterViewController */,
				B374DB5B2147681B005C1FE2 /* AboutViewController */,
				6238ADD521116D37003D4B8E /* LoginViewController */,
			);
			path = Controller;
			sourceTree = "<group>";
		};
		B33ABC98214B5D0800F7FF48 /* MainViewController */ = {
			isa = PBXGroup;
			children = (
				B33ABC99214B5D2900F7FF48 /* MainViewController.swift */,
			);
			path = MainViewController;
			sourceTree = "<group>";
		};
		B33ABC9B214B5E3C00F7FF48 /* SideMenuViewController */ = {
			isa = PBXGroup;
			children = (
				B33ABCA6214B98FD00F7FF48 /* SideMenuViewController.swift */,
				B33ABCA7214B98FD00F7FF48 /* SideMenuViewController.xib */,
				B33ABCB1214F566500F7FF48 /* SideMenuViewModel.swift */,
			);
			path = SideMenuViewController;
			sourceTree = "<group>";
		};
		B33ABCAA214BA7FC00F7FF48 /* Cell */ = {
			isa = PBXGroup;
			children = (
				B38230ED215B441A000C718A /* TeacherTableCell */,
				F00DED8D215380820089F54D /* HomeTableCell */,
				B3D26E28215A158C0093FE42 /* SlideCollectionCell */,
				B3D26E1C2159CD6E0093FE42 /* HistorySearchCell */,
				B3D26DC0215344B70093FE42 /* CourseCell */,
				B356BA5121520C6E002955B9 /* CoverCell */,
				B3D26DAB215333570093FE42 /* BlogCell */,
				B3D26DA7215333570093FE42 /* SideMenuCell */,
			);
			path = Cell;
			sourceTree = "<group>";
		};
		B356B9F7214F89D2002955B9 /* Playfair Display */ = {
			isa = PBXGroup;
			children = (
				B356BA0F214F8A38002955B9 /* PlayfairDisplay-Black.otf */,
				B356BA06214F8A36002955B9 /* PlayfairDisplay-BlackItalic.otf */,
				B356BA0C214F8A37002955B9 /* PlayfairDisplay-Bold.otf */,
				B356BA07214F8A37002955B9 /* PlayfairDisplay-BoldItalic.otf */,
				B356BA0D214F8A37002955B9 /* PlayfairDisplay-Italic.otf */,
				B356BA0B214F8A37002955B9 /* PlayfairDisplay-Regular.otf */,
				B356BA0A214F8A37002955B9 /* PlayfairDisplaySC-Black.otf */,
				B356BA0E214F8A37002955B9 /* PlayfairDisplaySC-BlackItalic.otf */,
				B356BA05214F8A36002955B9 /* PlayfairDisplaySC-Bold.otf */,
				B356BA08214F8A37002955B9 /* PlayfairDisplaySC-BoldItalic.otf */,
				B356BA04214F8A36002955B9 /* PlayfairDisplaySC-Italic.otf */,
				B356BA09214F8A37002955B9 /* PlayfairDisplaySC-Regular.otf */,
			);
			path = "Playfair Display";
			sourceTree = "<group>";
		};
		B356BA1C214F95CE002955B9 /* TeachersViewController */ = {
			isa = PBXGroup;
			children = (
				B356BA1D214F95FA002955B9 /* TeacherViewController.swift */,
				B356BA1E214F95FA002955B9 /* TeacherViewController.xib */,
				B38230EB215B386F000C718A /* TeacherViewModel.swift */,
			);
			path = TeachersViewController;
			sourceTree = "<group>";
		};
		B356BA3C2150E5C4002955B9 /* RegisterSucessViewController */ = {
			isa = PBXGroup;
			children = (
				B356BA3D2150E602002955B9 /* RegisterSuccessViewController.swift */,
				B356BA3E2150E602002955B9 /* RegisterSuccessViewController.xib */,
			);
			path = RegisterSucessViewController;
			sourceTree = "<group>";
		};
		B356BA5121520C6E002955B9 /* CoverCell */ = {
			isa = PBXGroup;
			children = (
				B356BA5221520C9E002955B9 /* CoverCell.swift */,
				B356BA5321520C9E002955B9 /* CoverCell.xib */,
			);
			path = CoverCell;
			sourceTree = "<group>";
		};
		B374DB4921476819005C1FE2 /* HomeViewController */ = {
			isa = PBXGroup;
			children = (
				B3D26E0E21589CE60093FE42 /* HeaderView */,
				B374DB4A21476819005C1FE2 /* HomeViewController.xib */,
				B374DB4B21476819005C1FE2 /* HomeViewController.swift */,
				F00DED8721537F8A0089F54D /* HomeViewModel.swift */,
			);
			path = HomeViewController;
			sourceTree = "<group>";
		};
		B374DB4F2147681A005C1FE2 /* CoursesViewController */ = {
			isa = PBXGroup;
			children = (
				B374DB76214775D0005C1FE2 /* CoursesViewController.swift */,
				B374DB77214775D0005C1FE2 /* CoursesViewController.xib */,
				B3D26DCA21535AED0093FE42 /* CoursesViewModel.swift */,
			);
			path = CoursesViewController;
			sourceTree = "<group>";
		};
		B374DB522147681A005C1FE2 /* RegisterViewController */ = {
			isa = PBXGroup;
			children = (
				B356BA3C2150E5C4002955B9 /* RegisterSucessViewController */,
				B31762192148CB65005C9D25 /* RegisterViewModel.swift */,
				B317621B2149F39F005C9D25 /* RegisterViewController.swift */,
				B317621C2149F39F005C9D25 /* RegisterViewController.xib */,
			);
			path = RegisterViewController;
			sourceTree = "<group>";
		};
		B374DB552147681A005C1FE2 /* ProfileVIewController */ = {
			isa = PBXGroup;
			children = (
				B374DB562147681A005C1FE2 /* ProfileViewController.xib */,
				B374DB572147681A005C1FE2 /* ProfileViewController.swift */,
			);
			path = ProfileVIewController;
			sourceTree = "<group>";
		};
		B374DB582147681B005C1FE2 /* BlogViewController */ = {
			isa = PBXGroup;
			children = (
				B3D26DBC215333A70093FE42 /* BlogViewModel.swift */,
				B374DB72214775BE005C1FE2 /* BlogViewController.swift */,
				B374DB73214775BE005C1FE2 /* BlogViewController.xib */,
			);
			path = BlogViewController;
			sourceTree = "<group>";
		};
		B374DB5B2147681B005C1FE2 /* AboutViewController */ = {
			isa = PBXGroup;
			children = (
				B374DB6E214775AC005C1FE2 /* AboutViewController.swift */,
				B374DB6F214775AC005C1FE2 /* AboutViewController.xib */,
			);
			path = AboutViewController;
			sourceTree = "<group>";
		};
		B374DB7B21478357005C1FE2 /* Fonts */ = {
			isa = PBXGroup;
			children = (
				B356B9F7214F89D2002955B9 /* Playfair Display */,
				B374DB7C21478363005C1FE2 /* Heebo */,
			);
			path = Fonts;
			sourceTree = "<group>";
		};
		B374DB7C21478363005C1FE2 /* Heebo */ = {
			isa = PBXGroup;
			children = (
				B374DB83214783C0005C1FE2 /* Heebo-Black.ttf */,
				B374DB80214783BF005C1FE2 /* Heebo-Bold.ttf */,
				B374DB7E214783BF005C1FE2 /* Heebo-ExtraBold.ttf */,
				B374DB81214783BF005C1FE2 /* Heebo-Light.ttf */,
				B374DB82214783C0005C1FE2 /* Heebo-Medium.ttf */,
				B374DB7F214783BF005C1FE2 /* Heebo-Regular.ttf */,
				B374DB7D214783BF005C1FE2 /* Heebo-Thin.ttf */,
			);
			path = Heebo;
			sourceTree = "<group>";
		};
		B38230ED215B441A000C718A /* TeacherTableCell */ = {
			isa = PBXGroup;
			children = (
				B38230EE215B445A000C718A /* TeacherTableCell.swift */,
				B38230EF215B445A000C718A /* TeacherTableCell.xib */,
				B38230F2215B46F7000C718A /* TeacherTableCellViewModel.swift */,
			);
			path = TeacherTableCell;
			sourceTree = "<group>";
		};
		B3D26DA7215333570093FE42 /* SideMenuCell */ = {
			isa = PBXGroup;
			children = (
				B3D26DA8215333570093FE42 /* SideMenuCell.xib */,
				B3D26DA9215333570093FE42 /* SideMenuCell.swift */,
				B3D26DAA215333570093FE42 /* SideMenuCellViewModel.swift */,
			);
			path = SideMenuCell;
			sourceTree = "<group>";
		};
		B3D26DAB215333570093FE42 /* BlogCell */ = {
			isa = PBXGroup;
			children = (
				B3D26DAC215333570093FE42 /* BlogCell.swift */,
				B3D26DAD215333570093FE42 /* BlogCell.xib */,
				B3D26DAE215333570093FE42 /* BlogCellViewModel.swift */,
			);
			path = BlogCell;
			sourceTree = "<group>";
		};
		B3D26DC0215344B70093FE42 /* CourseCell */ = {
			isa = PBXGroup;
			children = (
				B3D26DC1215345AD0093FE42 /* CourseCell.swift */,
				B3D26DC2215345AD0093FE42 /* CourseCell.xib */,
				B3D26DCC21535C580093FE42 /* CourseCellViewModel.swift */,
			);
			path = CourseCell;
			sourceTree = "<group>";
		};
		B3D26E0E21589CE60093FE42 /* HeaderView */ = {
			isa = PBXGroup;
			children = (
				B3D26E0F21589D2D0093FE42 /* HeaderView.swift */,
				B3D26E1121589D400093FE42 /* HeaderView.xib */,
				B3D26E132158A0C80093FE42 /* HeaderViewModel.swift */,
			);
			path = HeaderView;
			sourceTree = "<group>";
		};
		B3D26E152159CD510093FE42 /* SearchViewController */ = {
			isa = PBXGroup;
			children = (
				B3D26E162159CD510093FE42 /* SearchViewController.swift */,
				B3D26E172159CD510093FE42 /* SearchViewModel.swift */,
				B3D26E182159CD510093FE42 /* SearchViewController.xib */,
			);
			path = SearchViewController;
			sourceTree = "<group>";
		};
		B3D26E1C2159CD6E0093FE42 /* HistorySearchCell */ = {
			isa = PBXGroup;
			children = (
				B3D26E1D2159CD6E0093FE42 /* HistorySearchCellViewModel.swift */,
				B3D26E1E2159CD6E0093FE42 /* HistorySearchCell.swift */,
				B3D26E1F2159CD6E0093FE42 /* HistorySearchCell.xib */,
			);
			path = HistorySearchCell;
			sourceTree = "<group>";
		};
		B3D26E28215A158C0093FE42 /* SlideCollectionCell */ = {
			isa = PBXGroup;
			children = (
				B3D26E29215A158C0093FE42 /* SlideCollectionCell.swift */,
				B3D26E2A215A158C0093FE42 /* SlideCollectionCell.xib */,
				B3D26E2F215A1FE70093FE42 /* SlideCollectionCellViewModel.swift */,
			);
			path = SlideCollectionCell;
			sourceTree = "<group>";
		};
		CDE9EE0E21194B9B00298DD0 /* Gif */ = {
			isa = PBXGroup;
			children = (
				CDE9EE0F21194B9B00298DD0 /* gif_eye_vocab.gif */,
				CDE9EE1021194B9B00298DD0 /* gif_social_vocab.gif */,
			);
			path = Gif;
			sourceTree = "<group>";
		};
		E7A23BB3FDC7E19F0663DF69 /* Frameworks */ = {
			isa = PBXGroup;
			children = (
				7E8000CCB9AE328B83764288 /* Pods_MyApp.framework */,
				F49F1AB05FCB88523C52A0ED /* Pods_MyApp_MyAppTests.framework */,
			);
			name = Frameworks;
			sourceTree = "<group>";
		};
		EC0105381E8F8ADF00CE013D /* MyApp */ = {
			isa = PBXGroup;
			children = (
				EC0105441E8F8ADF00CE013D /* AppDelegate.swift */,
				EC01053D1E8F8ADF00CE013D /* Define */,
				ECF23AC01E9B9253008C23C1 /* Library */,
				ECF23A951E9B8503008C23C1 /* Model */,
				EC01053F1E8F8ADF00CE013D /* Resources */,
				EC0105411E8F8ADF00CE013D /* Supports */,
				EC0105431E8F8ADF00CE013D /* View */,
			);
			path = MyApp;
			sourceTree = "<group>";
		};
		EC01053D1E8F8ADF00CE013D /* Define */ = {
			isa = PBXGroup;
			children = (
				EC5337B61EF78CD800ACE038 /* App.swift */,
				ECEC0C571ED44C5D00F6760A /* String.swift */,
				EC5337B41EF7845700ACE038 /* Color.swift */,
				EC5337BD1EF78FEA00ACE038 /* Font.swift */,
				B3D3564621227A9E00D29B1A /* Key.swift */,
				629E064D2126EE05004D29E0 /* Errors.swift */,
			);
			path = Define;
			sourceTree = "<group>";
		};
		EC01053F1E8F8ADF00CE013D /* Resources */ = {
			isa = PBXGroup;
			children = (
				B374DB7B21478357005C1FE2 /* Fonts */,
				CDE9EE0E21194B9B00298DD0 /* Gif */,
				EC0105401E8F8ADF00CE013D /* Assets.xcassets */,
				EC5337BC1EF78E4D00ACE038 /* Localizable.strings */,
			);
			path = Resources;
			sourceTree = "<group>";
		};
		EC0105411E8F8ADF00CE013D /* Supports */ = {
			isa = PBXGroup;
			children = (
				EC0105421E8F8ADF00CE013D /* Info.plist */,
			);
			path = Supports;
			sourceTree = "<group>";
		};
		EC0105431E8F8ADF00CE013D /* View */ = {
			isa = PBXGroup;
			children = (
				B33ABCAA214BA7FC00F7FF48 /* Cell */,
				ACB04582210EFF4400159503 /* Controller */,
				EC5337BF1EF7933A00ACE038 /* Base */,
				F1C6352A1EF141F300D0A1A0 /* LaunchScreen */,
			);
			path = View;
			sourceTree = "<group>";
		};
		EC01055B1E8F8AF000CE013D /* MyAppTests */ = {
			isa = PBXGroup;
			children = (
				EC01055C1E8F8AF000CE013D /* Info.plist */,
				EC2C488C1EAF011C00B22F4B /* Utils.swift */,
				ECC3B1C21EC17044001345C6 /* Library */,
				ECC3B1B51EC1701A001345C6 /* View */,
				ECC3B1BB1EC17025001345C6 /* ViewModel */,
			);
			path = MyAppTests;
			sourceTree = "<group>";
		};
		EC5337BF1EF7933A00ACE038 /* Base */ = {
			isa = PBXGroup;
			children = (
				EC5337C01EF7939C00ACE038 /* TableCell.swift */,
				EC5337C21EF793B100ACE038 /* CollectionCell.swift */,
				ECC5B2CC1EF906CA001A97BC /* BaseViewController.swift */,
				ACB045A2210F0CEB00159503 /* BaseNavigationController.swift */,
				F00DEDA12153837C0089F54D /* BJAutoScrollingCollectionView.swift */,
			);
			path = Base;
			sourceTree = "<group>";
		};
		ECC3B1B51EC1701A001345C6 /* View */ = {
			isa = PBXGroup;
			children = (
			);
			path = View;
			sourceTree = "<group>";
		};
		ECC3B1BB1EC17025001345C6 /* ViewModel */ = {
			isa = PBXGroup;
			children = (
			);
			path = ViewModel;
			sourceTree = "<group>";
		};
		ECC3B1C21EC17044001345C6 /* Library */ = {
			isa = PBXGroup;
			children = (
				ECC3B1C31EC17044001345C6 /* Ext */,
			);
			path = Library;
			sourceTree = "<group>";
		};
		ECC3B1C31EC17044001345C6 /* Ext */ = {
			isa = PBXGroup;
			children = (
				ECC3B1CA1EC1B196001345C6 /* DictionayTests.swift */,
				ECC3B1C81EC1A2EA001345C6 /* NSURLTests.swift */,
				ECC3B1C41EC17044001345C6 /* StringTests.swift */,
			);
			path = Ext;
			sourceTree = "<group>";
		};
		ECCCCB0F1E7A40D00073D923 = {
			isa = PBXGroup;
			children = (
				EC0105381E8F8ADF00CE013D /* MyApp */,
				EC01055B1E8F8AF000CE013D /* MyAppTests */,
				ECCCCB191E7A40D00073D923 /* Products */,
				60B550C083ADD72F4D2D53AA /* Pods */,
				E7A23BB3FDC7E19F0663DF69 /* Frameworks */,
			);
			sourceTree = "<group>";
		};
		ECCCCB191E7A40D00073D923 /* Products */ = {
			isa = PBXGroup;
			children = (
				ECCCCB181E7A40D00073D923 /* MyApp.app */,
				ECCCCB2C1E7A40D10073D923 /* MyAppTests.xctest */,
			);
			name = Products;
			sourceTree = "<group>";
		};
		ECF23A951E9B8503008C23C1 /* Model */ = {
			isa = PBXGroup;
			children = (
				ECF23AAF1E9B869B008C23C1 /* API */,
				ECF23AA31E9B8586008C23C1 /* Schema */,
			);
			path = Model;
			sourceTree = "<group>";
		};
		ECF23AA31E9B8586008C23C1 /* Schema */ = {
			isa = PBXGroup;
			children = (
				B3D26DA5215333200093FE42 /* Entry.swift */,
				B35830192115624500E3E419 /* User.swift */,
				F00DED89215380080089F54D /* Teacher.swift */,
				B356BA4F2151FD87002955B9 /* Course.swift */,
				B3D26E2D215A17D70093FE42 /* Slide.swift */,
			);
			path = Schema;
			sourceTree = "<group>";
		};
		ECF23AAF1E9B869B008C23C1 /* API */ = {
			isa = PBXGroup;
			children = (
				ECF23AB01E9B869B008C23C1 /* Core */,
			);
			path = API;
			sourceTree = "<group>";
		};
		ECF23AB01E9B869B008C23C1 /* Core */ = {
			isa = PBXGroup;
			children = (
				EC332A471EA0A8CB0011DF1E /* Api.swift */,
				ECF23AB11E9B869B008C23C1 /* ApiManager.swift */,
				ECF23ABD1E9B8A6A008C23C1 /* Error.swift */,
				ECF23AB71E9B89B2008C23C1 /* RequestSerializer.swift */,
				ECF23AB81E9B89B2008C23C1 /* ResponseSerializer.swift */,
				B3D3564421227A2100D29B1A /* Session.swift */,
			);
			path = Core;
			sourceTree = "<group>";
		};
		ECF23AC01E9B9253008C23C1 /* Library */ = {
			isa = PBXGroup;
			children = (
				6252A178211A9CEF009F6F43 /* Helper */,
				ECF23AC11E9B9253008C23C1 /* Ext */,
			);
			path = Library;
			sourceTree = "<group>";
		};
		ECF23AC11E9B9253008C23C1 /* Ext */ = {
			isa = PBXGroup;
			children = (
				B3D26DA0215333040093FE42 /* DateExt.swift */,
				B3D26D9F215333040093FE42 /* UIScreenExt.swift */,
				ECD1C29A1EA725B1000EC989 /* InputViewExt.swift */,
				ECEC0C5D1ED44D7700F6760A /* MapperExt.swift */,
				ECF23AC21E9B9264008C23C1 /* StringExt.swift */,
				ECEC0C591ED44D4100F6760A /* UIViewControllerExt.swift */,
				B374DB8B2147A1E1005C1FE2 /* UIButtonExt.swift */,
			);
			path = Ext;
			sourceTree = "<group>";
		};
		F00DED8D215380820089F54D /* HomeTableCell */ = {
			isa = PBXGroup;
			children = (
				F00DED92215381610089F54D /* TeacherCollectionViewOfTableCell */,
				F00DED9B215382970089F54D /* HomeTableViewCell.swift */,
				F00DED9C215382970089F54D /* HomeTableViewCell.xib */,
				F00DED9F215382AD0089F54D /* HomeTableCellModel.swift */,
			);
			path = HomeTableCell;
			sourceTree = "<group>";
		};
		F00DED92215381610089F54D /* TeacherCollectionViewOfTableCell */ = {
			isa = PBXGroup;
			children = (
				F00DED93215381A70089F54D /* TeacherCollectionViewCell.swift */,
				F00DED94215381A70089F54D /* TeacherCollectionViewCell.xib */,
				F00DED992153826B0089F54D /* TeacherCollectionCellModel.swift */,
			);
			path = TeacherCollectionViewOfTableCell;
			sourceTree = "<group>";
		};
		F1C6352A1EF141F300D0A1A0 /* LaunchScreen */ = {
			isa = PBXGroup;
			children = (
				F1C6352B1EF141F300D0A1A0 /* LaunchScreen.storyboard */,
			);
			path = LaunchScreen;
			sourceTree = "<group>";
		};
/* End PBXGroup section */

/* Begin PBXNativeTarget section */
		ECCCCB171E7A40D00073D923 /* MyApp */ = {
			isa = PBXNativeTarget;
			buildConfigurationList = ECCCCB351E7A40D10073D923 /* Build configuration list for PBXNativeTarget "MyApp" */;
			buildPhases = (
				B0E09827A261C794A6F031AA /* [CP] Check Pods Manifest.lock */,
				EC8C6FF51ECAF27D00C52F7A /* SwiftLint */,
				ECCCCB141E7A40D00073D923 /* Sources */,
				ECCCCB151E7A40D00073D923 /* Frameworks */,
				ECCCCB161E7A40D00073D923 /* Resources */,
				E23D44304C718C6164C90A36 /* [CP] Embed Pods Frameworks */,
				EC01052F1E8F895300CE013D /* Embed Frameworks */,
				C01667B70A9E706BF4CAD575 /* [CP] Copy Pods Resources */,
			);
			buildRules = (
			);
			dependencies = (
			);
			name = MyApp;
			productName = MVVM;
			productReference = ECCCCB181E7A40D00073D923 /* MyApp.app */;
			productType = "com.apple.product-type.application";
		};
		ECCCCB2B1E7A40D10073D923 /* MyAppTests */ = {
			isa = PBXNativeTarget;
			buildConfigurationList = ECCCCB381E7A40D10073D923 /* Build configuration list for PBXNativeTarget "MyAppTests" */;
			buildPhases = (
				BB48CAD8894F6F7352250348 /* [CP] Check Pods Manifest.lock */,
				ECCCCB281E7A40D10073D923 /* Sources */,
				ECCCCB291E7A40D10073D923 /* Frameworks */,
				ECCCCB2A1E7A40D10073D923 /* Resources */,
				C5336427CD995EA5A795B11C /* [CP] Embed Pods Frameworks */,
				1DF9F266C64434806BC59729 /* [CP] Copy Pods Resources */,
			);
			buildRules = (
			);
			dependencies = (
				ECCCCB2E1E7A40D10073D923 /* PBXTargetDependency */,
			);
			name = MyAppTests;
			productName = MVVMTests;
			productReference = ECCCCB2C1E7A40D10073D923 /* MyAppTests.xctest */;
			productType = "com.apple.product-type.bundle.unit-test";
		};
/* End PBXNativeTarget section */

/* Begin PBXProject section */
		ECCCCB101E7A40D00073D923 /* Project object */ = {
			isa = PBXProject;
			attributes = {
				LastSwiftUpdateCheck = 0820;
				LastUpgradeCheck = 0940;
				ORGANIZATIONNAME = "Asian Tech Co., Ltd.";
				TargetAttributes = {
					ECCCCB171E7A40D00073D923 = {
						CreatedOnToolsVersion = 8.2;
						ProvisioningStyle = Automatic;
					};
					ECCCCB2B1E7A40D10073D923 = {
						CreatedOnToolsVersion = 8.2;
						ProvisioningStyle = Automatic;
						TestTargetID = ECCCCB171E7A40D00073D923;
					};
				};
			};
			buildConfigurationList = ECCCCB131E7A40D00073D923 /* Build configuration list for PBXProject "MyApp" */;
			compatibilityVersion = "Xcode 3.2";
			developmentRegion = English;
			hasScannedForEncodings = 0;
			knownRegions = (
				en,
				Base,
			);
			mainGroup = ECCCCB0F1E7A40D00073D923;
			productRefGroup = ECCCCB191E7A40D00073D923 /* Products */;
			projectDirPath = "";
			projectRoot = "";
			targets = (
				ECCCCB171E7A40D00073D923 /* MyApp */,
				ECCCCB2B1E7A40D10073D923 /* MyAppTests */,
			);
		};
/* End PBXProject section */

/* Begin PBXResourcesBuildPhase section */
		ECCCCB161E7A40D00073D923 /* Resources */ = {
			isa = PBXResourcesBuildPhase;
			buildActionMask = 2147483647;
			files = (
				B356BA14214F8A38002955B9 /* PlayfairDisplaySC-BoldItalic.otf in Resources */,
				6238ADEC21116D38003D4B8E /* LoginViewController.xib in Resources */,
				B3D26E222159CD6F0093FE42 /* HistorySearchCell.xib in Resources */,
				B356BA1B214F8A38002955B9 /* PlayfairDisplay-Black.otf in Resources */,
				CDE9EE1221194B9B00298DD0 /* gif_social_vocab.gif in Resources */,
				B374DB85214783C0005C1FE2 /* Heebo-ExtraBold.ttf in Resources */,
				B374DB662147681B005C1FE2 /* ProfileViewController.xib in Resources */,
				B356BA12214F8A38002955B9 /* PlayfairDisplay-BlackItalic.otf in Resources */,
				B356BA11214F8A38002955B9 /* PlayfairDisplaySC-Bold.otf in Resources */,
				EC0105521E8F8AE000CE013D /* Assets.xcassets in Resources */,
				B356BA5521520C9E002955B9 /* CoverCell.xib in Resources */,
				B374DB88214783C0005C1FE2 /* Heebo-Light.ttf in Resources */,
				F00DED96215381A70089F54D /* TeacherCollectionViewCell.xib in Resources */,
				B374DB71214775AC005C1FE2 /* AboutViewController.xib in Resources */,
				B3D26DB3215333570093FE42 /* SideMenuCell.xib in Resources */,
				B356BA20214F95FA002955B9 /* TeacherViewController.xib in Resources */,
				B3D26DB7215333570093FE42 /* BlogCell.xib in Resources */,
				B3D26E1B2159CD520093FE42 /* SearchViewController.xib in Resources */,
				CDE9EE1121194B9B00298DD0 /* gif_eye_vocab.gif in Resources */,
				F00DED9E215382970089F54D /* HomeTableViewCell.xib in Resources */,
				B356BA402150E602002955B9 /* RegisterSuccessViewController.xib in Resources */,
				EC5337BA1EF78E4D00ACE038 /* Localizable.strings in Resources */,
				F1C6352C1EF141F300D0A1A0 /* LaunchScreen.storyboard in Resources */,
				B374DB5E2147681B005C1FE2 /* HomeViewController.xib in Resources */,
				B356BA19214F8A38002955B9 /* PlayfairDisplay-Italic.otf in Resources */,
				B374DB86214783C0005C1FE2 /* Heebo-Regular.ttf in Resources */,
				B356BA16214F8A38002955B9 /* PlayfairDisplaySC-Black.otf in Resources */,
				B374DB87214783C0005C1FE2 /* Heebo-Bold.ttf in Resources */,
				B3D26E1221589D400093FE42 /* HeaderView.xib in Resources */,
				B374DB8A214783C0005C1FE2 /* Heebo-Black.ttf in Resources */,
				B356BA1A214F8A38002955B9 /* PlayfairDisplaySC-BlackItalic.otf in Resources */,
				B356BA13214F8A38002955B9 /* PlayfairDisplay-BoldItalic.otf in Resources */,
				B356BA15214F8A38002955B9 /* PlayfairDisplaySC-Regular.otf in Resources */,
				B3D26E2C215A158D0093FE42 /* SlideCollectionCell.xib in Resources */,
				B374DB79214775D0005C1FE2 /* CoursesViewController.xib in Resources */,
				B374DB84214783C0005C1FE2 /* Heebo-Thin.ttf in Resources */,
				B356BA18214F8A38002955B9 /* PlayfairDisplay-Bold.otf in Resources */,
				B356BA17214F8A38002955B9 /* PlayfairDisplay-Regular.otf in Resources */,
				B33ABCA9214B98FD00F7FF48 /* SideMenuViewController.xib in Resources */,
				B356BA10214F8A38002955B9 /* PlayfairDisplaySC-Italic.otf in Resources */,
				B3D26DC4215345AD0093FE42 /* CourseCell.xib in Resources */,
				B38230F1215B445A000C718A /* TeacherTableCell.xib in Resources */,
				B317621E2149F39F005C9D25 /* RegisterViewController.xib in Resources */,
				B374DB89214783C0005C1FE2 /* Heebo-Medium.ttf in Resources */,
				B374DB75214775BE005C1FE2 /* BlogViewController.xib in Resources */,
			);
			runOnlyForDeploymentPostprocessing = 0;
		};
		ECCCCB2A1E7A40D10073D923 /* Resources */ = {
			isa = PBXResourcesBuildPhase;
			buildActionMask = 2147483647;
			files = (
			);
			runOnlyForDeploymentPostprocessing = 0;
		};
/* End PBXResourcesBuildPhase section */

/* Begin PBXShellScriptBuildPhase section */
		1DF9F266C64434806BC59729 /* [CP] Copy Pods Resources */ = {
			isa = PBXShellScriptBuildPhase;
			buildActionMask = 2147483647;
			files = (
			);
			inputPaths = (
			);
			name = "[CP] Copy Pods Resources";
			outputPaths = (
			);
			runOnlyForDeploymentPostprocessing = 0;
			shellPath = /bin/sh;
			shellScript = "\"${SRCROOT}/Pods/Target Support Files/Pods-MyApp-MyAppTests/Pods-MyApp-MyAppTests-resources.sh\"\n";
			showEnvVarsInLog = 0;
		};
		B0E09827A261C794A6F031AA /* [CP] Check Pods Manifest.lock */ = {
			isa = PBXShellScriptBuildPhase;
			buildActionMask = 2147483647;
			files = (
			);
			inputPaths = (
				"${PODS_PODFILE_DIR_PATH}/Podfile.lock",
				"${PODS_ROOT}/Manifest.lock",
			);
			name = "[CP] Check Pods Manifest.lock";
			outputPaths = (
				"$(DERIVED_FILE_DIR)/Pods-MyApp-checkManifestLockResult.txt",
			);
			runOnlyForDeploymentPostprocessing = 0;
			shellPath = /bin/sh;
			shellScript = "diff \"${PODS_PODFILE_DIR_PATH}/Podfile.lock\" \"${PODS_ROOT}/Manifest.lock\" > /dev/null\nif [ $? != 0 ] ; then\n    # print error to STDERR\n    echo \"error: The sandbox is not in sync with the Podfile.lock. Run 'pod install' or update your CocoaPods installation.\" >&2\n    exit 1\nfi\n# This output is used by Xcode 'outputs' to avoid re-running this script phase.\necho \"SUCCESS\" > \"${SCRIPT_OUTPUT_FILE_0}\"\n";
			showEnvVarsInLog = 0;
		};
		BB48CAD8894F6F7352250348 /* [CP] Check Pods Manifest.lock */ = {
			isa = PBXShellScriptBuildPhase;
			buildActionMask = 2147483647;
			files = (
			);
			inputPaths = (
				"${PODS_PODFILE_DIR_PATH}/Podfile.lock",
				"${PODS_ROOT}/Manifest.lock",
			);
			name = "[CP] Check Pods Manifest.lock";
			outputPaths = (
				"$(DERIVED_FILE_DIR)/Pods-MyApp-MyAppTests-checkManifestLockResult.txt",
			);
			runOnlyForDeploymentPostprocessing = 0;
			shellPath = /bin/sh;
			shellScript = "diff \"${PODS_PODFILE_DIR_PATH}/Podfile.lock\" \"${PODS_ROOT}/Manifest.lock\" > /dev/null\nif [ $? != 0 ] ; then\n    # print error to STDERR\n    echo \"error: The sandbox is not in sync with the Podfile.lock. Run 'pod install' or update your CocoaPods installation.\" >&2\n    exit 1\nfi\n# This output is used by Xcode 'outputs' to avoid re-running this script phase.\necho \"SUCCESS\" > \"${SCRIPT_OUTPUT_FILE_0}\"\n";
			showEnvVarsInLog = 0;
		};
		C01667B70A9E706BF4CAD575 /* [CP] Copy Pods Resources */ = {
			isa = PBXShellScriptBuildPhase;
			buildActionMask = 2147483647;
			files = (
			);
			inputPaths = (
			);
			name = "[CP] Copy Pods Resources";
			outputPaths = (
			);
			runOnlyForDeploymentPostprocessing = 0;
			shellPath = /bin/sh;
			shellScript = "\"${SRCROOT}/Pods/Target Support Files/Pods-MyApp/Pods-MyApp-resources.sh\"\n";
			showEnvVarsInLog = 0;
		};
		C5336427CD995EA5A795B11C /* [CP] Embed Pods Frameworks */ = {
			isa = PBXShellScriptBuildPhase;
			buildActionMask = 2147483647;
			files = (
			);
			inputPaths = (
				"${SRCROOT}/Pods/Target Support Files/Pods-MyApp-MyAppTests/Pods-MyApp-MyAppTests-frameworks.sh",
				"${BUILT_PRODUCTS_DIR}/Alamofire/Alamofire.framework",
				"${BUILT_PRODUCTS_DIR}/AlamofireNetworkActivityIndicator/AlamofireNetworkActivityIndicator.framework",
				"${BUILT_PRODUCTS_DIR}/Bolts/Bolts.framework",
				"${BUILT_PRODUCTS_DIR}/FBSDKCoreKit/FBSDKCoreKit.framework",
				"${BUILT_PRODUCTS_DIR}/FBSDKLoginKit/FBSDKLoginKit.framework",
				"${BUILT_PRODUCTS_DIR}/FacebookCore/FacebookCore.framework",
				"${BUILT_PRODUCTS_DIR}/FacebookLogin/FacebookLogin.framework",
				"${BUILT_PRODUCTS_DIR}/IQKeyboardManagerSwift/IQKeyboardManagerSwift.framework",
				"${BUILT_PRODUCTS_DIR}/Kingfisher/Kingfisher.framework",
				"${BUILT_PRODUCTS_DIR}/LGSideMenuController/LGSideMenuController.framework",
				"${BUILT_PRODUCTS_DIR}/MVVM-Swift/MVVM.framework",
				"${BUILT_PRODUCTS_DIR}/ObjectMapper/ObjectMapper.framework",
				"${BUILT_PRODUCTS_DIR}/Realm/Realm.framework",
				"${BUILT_PRODUCTS_DIR}/RealmSwift/RealmSwift.framework",
				"${BUILT_PRODUCTS_DIR}/SVProgressHUD/SVProgressHUD.framework",
				"${BUILT_PRODUCTS_DIR}/SkyFloatingLabelTextField/SkyFloatingLabelTextField.framework",
				"${BUILT_PRODUCTS_DIR}/SwiftUtils/SwiftUtils.framework",
			);
			name = "[CP] Embed Pods Frameworks";
			outputPaths = (
				"${TARGET_BUILD_DIR}/${FRAMEWORKS_FOLDER_PATH}/Alamofire.framework",
				"${TARGET_BUILD_DIR}/${FRAMEWORKS_FOLDER_PATH}/AlamofireNetworkActivityIndicator.framework",
				"${TARGET_BUILD_DIR}/${FRAMEWORKS_FOLDER_PATH}/Bolts.framework",
				"${TARGET_BUILD_DIR}/${FRAMEWORKS_FOLDER_PATH}/FBSDKCoreKit.framework",
				"${TARGET_BUILD_DIR}/${FRAMEWORKS_FOLDER_PATH}/FBSDKLoginKit.framework",
				"${TARGET_BUILD_DIR}/${FRAMEWORKS_FOLDER_PATH}/FacebookCore.framework",
				"${TARGET_BUILD_DIR}/${FRAMEWORKS_FOLDER_PATH}/FacebookLogin.framework",
				"${TARGET_BUILD_DIR}/${FRAMEWORKS_FOLDER_PATH}/IQKeyboardManagerSwift.framework",
				"${TARGET_BUILD_DIR}/${FRAMEWORKS_FOLDER_PATH}/Kingfisher.framework",
				"${TARGET_BUILD_DIR}/${FRAMEWORKS_FOLDER_PATH}/LGSideMenuController.framework",
				"${TARGET_BUILD_DIR}/${FRAMEWORKS_FOLDER_PATH}/MVVM.framework",
				"${TARGET_BUILD_DIR}/${FRAMEWORKS_FOLDER_PATH}/ObjectMapper.framework",
				"${TARGET_BUILD_DIR}/${FRAMEWORKS_FOLDER_PATH}/Realm.framework",
				"${TARGET_BUILD_DIR}/${FRAMEWORKS_FOLDER_PATH}/RealmSwift.framework",
				"${TARGET_BUILD_DIR}/${FRAMEWORKS_FOLDER_PATH}/SVProgressHUD.framework",
				"${TARGET_BUILD_DIR}/${FRAMEWORKS_FOLDER_PATH}/SkyFloatingLabelTextField.framework",
				"${TARGET_BUILD_DIR}/${FRAMEWORKS_FOLDER_PATH}/SwiftUtils.framework",
			);
			runOnlyForDeploymentPostprocessing = 0;
			shellPath = /bin/sh;
			shellScript = "\"${SRCROOT}/Pods/Target Support Files/Pods-MyApp-MyAppTests/Pods-MyApp-MyAppTests-frameworks.sh\"\n";
			showEnvVarsInLog = 0;
		};
		E23D44304C718C6164C90A36 /* [CP] Embed Pods Frameworks */ = {
			isa = PBXShellScriptBuildPhase;
			buildActionMask = 2147483647;
			files = (
			);
			inputPaths = (
				"${SRCROOT}/Pods/Target Support Files/Pods-MyApp/Pods-MyApp-frameworks.sh",
				"${BUILT_PRODUCTS_DIR}/Alamofire/Alamofire.framework",
				"${BUILT_PRODUCTS_DIR}/AlamofireNetworkActivityIndicator/AlamofireNetworkActivityIndicator.framework",
				"${BUILT_PRODUCTS_DIR}/Bolts/Bolts.framework",
				"${BUILT_PRODUCTS_DIR}/FBSDKCoreKit/FBSDKCoreKit.framework",
				"${BUILT_PRODUCTS_DIR}/FBSDKLoginKit/FBSDKLoginKit.framework",
				"${BUILT_PRODUCTS_DIR}/FacebookCore/FacebookCore.framework",
				"${BUILT_PRODUCTS_DIR}/FacebookLogin/FacebookLogin.framework",
				"${BUILT_PRODUCTS_DIR}/IQKeyboardManagerSwift/IQKeyboardManagerSwift.framework",
				"${BUILT_PRODUCTS_DIR}/Kingfisher/Kingfisher.framework",
				"${BUILT_PRODUCTS_DIR}/LGSideMenuController/LGSideMenuController.framework",
				"${BUILT_PRODUCTS_DIR}/MVVM-Swift/MVVM.framework",
				"${BUILT_PRODUCTS_DIR}/ObjectMapper/ObjectMapper.framework",
				"${BUILT_PRODUCTS_DIR}/Realm/Realm.framework",
				"${BUILT_PRODUCTS_DIR}/RealmSwift/RealmSwift.framework",
				"${BUILT_PRODUCTS_DIR}/SVProgressHUD/SVProgressHUD.framework",
				"${BUILT_PRODUCTS_DIR}/SkyFloatingLabelTextField/SkyFloatingLabelTextField.framework",
				"${BUILT_PRODUCTS_DIR}/SwiftUtils/SwiftUtils.framework",
			);
			name = "[CP] Embed Pods Frameworks";
			outputPaths = (
				"${TARGET_BUILD_DIR}/${FRAMEWORKS_FOLDER_PATH}/Alamofire.framework",
				"${TARGET_BUILD_DIR}/${FRAMEWORKS_FOLDER_PATH}/AlamofireNetworkActivityIndicator.framework",
				"${TARGET_BUILD_DIR}/${FRAMEWORKS_FOLDER_PATH}/Bolts.framework",
				"${TARGET_BUILD_DIR}/${FRAMEWORKS_FOLDER_PATH}/FBSDKCoreKit.framework",
				"${TARGET_BUILD_DIR}/${FRAMEWORKS_FOLDER_PATH}/FBSDKLoginKit.framework",
				"${TARGET_BUILD_DIR}/${FRAMEWORKS_FOLDER_PATH}/FacebookCore.framework",
				"${TARGET_BUILD_DIR}/${FRAMEWORKS_FOLDER_PATH}/FacebookLogin.framework",
				"${TARGET_BUILD_DIR}/${FRAMEWORKS_FOLDER_PATH}/IQKeyboardManagerSwift.framework",
				"${TARGET_BUILD_DIR}/${FRAMEWORKS_FOLDER_PATH}/Kingfisher.framework",
				"${TARGET_BUILD_DIR}/${FRAMEWORKS_FOLDER_PATH}/LGSideMenuController.framework",
				"${TARGET_BUILD_DIR}/${FRAMEWORKS_FOLDER_PATH}/MVVM.framework",
				"${TARGET_BUILD_DIR}/${FRAMEWORKS_FOLDER_PATH}/ObjectMapper.framework",
				"${TARGET_BUILD_DIR}/${FRAMEWORKS_FOLDER_PATH}/Realm.framework",
				"${TARGET_BUILD_DIR}/${FRAMEWORKS_FOLDER_PATH}/RealmSwift.framework",
				"${TARGET_BUILD_DIR}/${FRAMEWORKS_FOLDER_PATH}/SVProgressHUD.framework",
				"${TARGET_BUILD_DIR}/${FRAMEWORKS_FOLDER_PATH}/SkyFloatingLabelTextField.framework",
				"${TARGET_BUILD_DIR}/${FRAMEWORKS_FOLDER_PATH}/SwiftUtils.framework",
			);
			runOnlyForDeploymentPostprocessing = 0;
			shellPath = /bin/sh;
			shellScript = "\"${SRCROOT}/Pods/Target Support Files/Pods-MyApp/Pods-MyApp-frameworks.sh\"\n";
			showEnvVarsInLog = 0;
		};
		EC8C6FF51ECAF27D00C52F7A /* SwiftLint */ = {
			isa = PBXShellScriptBuildPhase;
			buildActionMask = 2147483647;
			files = (
			);
			inputPaths = (
			);
			name = SwiftLint;
			outputPaths = (
			);
			runOnlyForDeploymentPostprocessing = 0;
			shellPath = /bin/sh;
			shellScript = "if [[ \"$CI\" == 'true' ]]; then\n    exit 0\nfi\n\nif [[ -s \"${PODS_ROOT}/SwiftLint/swiftlint\" ]]; then\n    echo 'Linting...'\n    \"${PODS_ROOT}/SwiftLint/swiftlint\"\nelse\n    echo 'error: SwiftLint not installed, please read README first.'\n    exit 1\nfi\n";
		};
/* End PBXShellScriptBuildPhase section */

/* Begin PBXSourcesBuildPhase section */
		ECCCCB141E7A40D00073D923 /* Sources */ = {
			isa = PBXSourcesBuildPhase;
			buildActionMask = 2147483647;
			files = (
				B3D26E1A2159CD520093FE42 /* SearchViewModel.swift in Sources */,
				B374DB74214775BE005C1FE2 /* BlogViewController.swift in Sources */,
				B3D26E2B215A158D0093FE42 /* SlideCollectionCell.swift in Sources */,
				B356BA5421520C9E002955B9 /* CoverCell.swift in Sources */,
				B374DB8C2147A1E1005C1FE2 /* UIButtonExt.swift in Sources */,
				B3D26DB8215333570093FE42 /* BlogCellViewModel.swift in Sources */,
				F00DED95215381A70089F54D /* TeacherCollectionViewCell.swift in Sources */,
				B3D26E212159CD6F0093FE42 /* HistorySearchCell.swift in Sources */,
				B3D26E142158A0C80093FE42 /* HeaderViewModel.swift in Sources */,
				F00DED8821537F8A0089F54D /* HomeViewModel.swift in Sources */,
				B3D26E30215A1FE70093FE42 /* SlideCollectionCellViewModel.swift in Sources */,
				B3D26DC3215345AD0093FE42 /* CourseCell.swift in Sources */,
				B3D26DBD215333A70093FE42 /* BlogViewModel.swift in Sources */,
				F00DED9A2153826B0089F54D /* TeacherCollectionCellModel.swift in Sources */,
				EC5337C11EF7939C00ACE038 /* TableCell.swift in Sources */,
				ECF23AC31E9B9264008C23C1 /* StringExt.swift in Sources */,
				B374DB78214775D0005C1FE2 /* CoursesViewController.swift in Sources */,
				B33ABC9A214B5D2900F7FF48 /* MainViewController.swift in Sources */,
				B374DB672147681B005C1FE2 /* ProfileViewController.swift in Sources */,
				ECEC0C5E1ED44D7700F6760A /* MapperExt.swift in Sources */,
				B317621A2148CB65005C9D25 /* RegisterViewModel.swift in Sources */,
				F00DED8A215380080089F54D /* Teacher.swift in Sources */,
				629E064E2126EE05004D29E0 /* Errors.swift in Sources */,
				F00DED9D215382970089F54D /* HomeTableViewCell.swift in Sources */,
				EC5337B71EF78CD800ACE038 /* App.swift in Sources */,
				B3D26E2E215A17D70093FE42 /* Slide.swift in Sources */,
				B374DB5F2147681B005C1FE2 /* HomeViewController.swift in Sources */,
				625DF8902111BB8B007958F6 /* LoginViewModel.swift in Sources */,
				B317621D2149F39F005C9D25 /* RegisterViewController.swift in Sources */,
				B38230F0215B445A000C718A /* TeacherTableCell.swift in Sources */,
				ECC5B2CD1EF906CA001A97BC /* BaseViewController.swift in Sources */,
				B3D26E202159CD6F0093FE42 /* HistorySearchCellViewModel.swift in Sources */,
				EC5337C31EF793B100ACE038 /* CollectionCell.swift in Sources */,
				B33ABCA8214B98FD00F7FF48 /* SideMenuViewController.swift in Sources */,
				B3D26DCD21535C580093FE42 /* CourseCellViewModel.swift in Sources */,
				ECF23ABA1E9B89B2008C23C1 /* RequestSerializer.swift in Sources */,
				B38230F3215B46F7000C718A /* TeacherTableCellViewModel.swift in Sources */,
				B3D3564521227A2100D29B1A /* Session.swift in Sources */,
				6238ADED21116D38003D4B8E /* LoginViewController.swift in Sources */,
				B3D26DA1215333040093FE42 /* UIScreenExt.swift in Sources */,
				EC0105541E8F8AE000CE013D /* AppDelegate.swift in Sources */,
				F00DEDA0215382AD0089F54D /* HomeTableCellModel.swift in Sources */,
				B3D26DA2215333040093FE42 /* DateExt.swift in Sources */,
				B33ABCB2214F566500F7FF48 /* SideMenuViewModel.swift in Sources */,
				B358301A2115624500E3E419 /* User.swift in Sources */,
				B356BA502151FD87002955B9 /* Course.swift in Sources */,
				EC332A481EA0A8CB0011DF1E /* Api.swift in Sources */,
				ECD1C29B1EA725B1000EC989 /* InputViewExt.swift in Sources */,
				B38230EC215B386F000C718A /* TeacherViewModel.swift in Sources */,
				B3D26DA6215333200093FE42 /* Entry.swift in Sources */,
				B3D26DB5215333570093FE42 /* SideMenuCellViewModel.swift in Sources */,
				B356BA3F2150E602002955B9 /* RegisterSuccessViewController.swift in Sources */,
				F00DEDA22153837C0089F54D /* BJAutoScrollingCollectionView.swift in Sources */,
				ECF23AB41E9B869B008C23C1 /* ApiManager.swift in Sources */,
				ECEC0C5A1ED44D4100F6760A /* UIViewControllerExt.swift in Sources */,
				B374DB70214775AC005C1FE2 /* AboutViewController.swift in Sources */,
				ECEC0C581ED44C5D00F6760A /* String.swift in Sources */,
				B3D26DCB21535AED0093FE42 /* CoursesViewModel.swift in Sources */,
				B3D26DB6215333570093FE42 /* BlogCell.swift in Sources */,
				EC5337BE1EF78FEA00ACE038 /* Font.swift in Sources */,
				ECF23ABB1E9B89B2008C23C1 /* ResponseSerializer.swift in Sources */,
				ECF23ABE1E9B8A6A008C23C1 /* Error.swift in Sources */,
				B3D26E1021589D2D0093FE42 /* HeaderView.swift in Sources */,
				ACB045A3210F0CEB00159503 /* BaseNavigationController.swift in Sources */,
				EC5337B51EF7845700ACE038 /* Color.swift in Sources */,
				B3D3564721227A9E00D29B1A /* Key.swift in Sources */,
				B3D26E192159CD520093FE42 /* SearchViewController.swift in Sources */,
				B3D26DB4215333570093FE42 /* SideMenuCell.swift in Sources */,
				6252A17621195647009F6F43 /* Speaker.swift in Sources */,
				B3D26DA42153330D0093FE42 /* DummyData.swift in Sources */,
				B356BA1F214F95FA002955B9 /* TeacherViewController.swift in Sources */,
			);
			runOnlyForDeploymentPostprocessing = 0;
		};
		ECCCCB281E7A40D10073D923 /* Sources */ = {
			isa = PBXSourcesBuildPhase;
			buildActionMask = 2147483647;
			files = (
				ECC3B1C51EC17044001345C6 /* StringTests.swift in Sources */,
				ECC3B1CB1EC1B196001345C6 /* DictionayTests.swift in Sources */,
				ECC3B1C91EC1A2EA001345C6 /* NSURLTests.swift in Sources */,
				EC2C488D1EAF011C00B22F4B /* Utils.swift in Sources */,
			);
			runOnlyForDeploymentPostprocessing = 0;
		};
/* End PBXSourcesBuildPhase section */

/* Begin PBXTargetDependency section */
		ECCCCB2E1E7A40D10073D923 /* PBXTargetDependency */ = {
			isa = PBXTargetDependency;
			target = ECCCCB171E7A40D00073D923 /* MyApp */;
			targetProxy = ECCCCB2D1E7A40D10073D923 /* PBXContainerItemProxy */;
		};
/* End PBXTargetDependency section */

/* Begin PBXVariantGroup section */
		EC5337BC1EF78E4D00ACE038 /* Localizable.strings */ = {
			isa = PBXVariantGroup;
			children = (
				EC5337BB1EF78E4D00ACE038 /* Base */,
			);
			name = Localizable.strings;
			sourceTree = "<group>";
		};
/* End PBXVariantGroup section */

/* Begin XCBuildConfiguration section */
		ECCCCB331E7A40D10073D923 /* Debug */ = {
			isa = XCBuildConfiguration;
			buildSettings = {
				ALWAYS_SEARCH_USER_PATHS = NO;
				CLANG_ANALYZER_NONNULL = YES;
				CLANG_CXX_LANGUAGE_STANDARD = "gnu++0x";
				CLANG_CXX_LIBRARY = "libc++";
				CLANG_ENABLE_MODULES = YES;
				CLANG_ENABLE_OBJC_ARC = YES;
				CLANG_WARN_BLOCK_CAPTURE_AUTORELEASING = YES;
				CLANG_WARN_BOOL_CONVERSION = YES;
				CLANG_WARN_COMMA = YES;
				CLANG_WARN_CONSTANT_CONVERSION = YES;
				CLANG_WARN_DEPRECATED_OBJC_IMPLEMENTATIONS = YES;
				CLANG_WARN_DIRECT_OBJC_ISA_USAGE = YES_ERROR;
				CLANG_WARN_DOCUMENTATION_COMMENTS = YES;
				CLANG_WARN_EMPTY_BODY = YES;
				CLANG_WARN_ENUM_CONVERSION = YES;
				CLANG_WARN_INFINITE_RECURSION = YES;
				CLANG_WARN_INT_CONVERSION = YES;
				CLANG_WARN_NON_LITERAL_NULL_CONVERSION = YES;
				CLANG_WARN_OBJC_IMPLICIT_RETAIN_SELF = YES;
				CLANG_WARN_OBJC_LITERAL_CONVERSION = YES;
				CLANG_WARN_OBJC_ROOT_CLASS = YES_ERROR;
				CLANG_WARN_RANGE_LOOP_ANALYSIS = YES;
				CLANG_WARN_STRICT_PROTOTYPES = YES;
				CLANG_WARN_SUSPICIOUS_MOVE = YES;
				CLANG_WARN_UNREACHABLE_CODE = YES;
				CLANG_WARN__DUPLICATE_METHOD_MATCH = YES;
				"CODE_SIGN_IDENTITY[sdk=iphoneos*]" = "iPhone Developer";
				COPY_PHASE_STRIP = NO;
				DEBUG_INFORMATION_FORMAT = dwarf;
				ENABLE_STRICT_OBJC_MSGSEND = YES;
				ENABLE_TESTABILITY = YES;
				GCC_C_LANGUAGE_STANDARD = gnu99;
				GCC_DYNAMIC_NO_PIC = NO;
				GCC_NO_COMMON_BLOCKS = YES;
				GCC_OPTIMIZATION_LEVEL = 0;
				GCC_PREPROCESSOR_DEFINITIONS = (
					"DEBUG=1",
					"$(inherited)",
				);
				GCC_WARN_64_TO_32_BIT_CONVERSION = YES;
				GCC_WARN_ABOUT_RETURN_TYPE = YES_ERROR;
				GCC_WARN_UNDECLARED_SELECTOR = YES;
				GCC_WARN_UNINITIALIZED_AUTOS = YES_AGGRESSIVE;
				GCC_WARN_UNUSED_FUNCTION = YES;
				GCC_WARN_UNUSED_VARIABLE = YES;
				IPHONEOS_DEPLOYMENT_TARGET = 9.0;
				MTL_ENABLE_DEBUG_INFO = YES;
				ONLY_ACTIVE_ARCH = YES;
				SDKROOT = iphoneos;
				SWIFT_ACTIVE_COMPILATION_CONDITIONS = DEBUG;
				SWIFT_OPTIMIZATION_LEVEL = "-Onone";
			};
			name = Debug;
		};
		ECCCCB341E7A40D10073D923 /* Release */ = {
			isa = XCBuildConfiguration;
			buildSettings = {
				ALWAYS_SEARCH_USER_PATHS = NO;
				CLANG_ANALYZER_NONNULL = YES;
				CLANG_CXX_LANGUAGE_STANDARD = "gnu++0x";
				CLANG_CXX_LIBRARY = "libc++";
				CLANG_ENABLE_MODULES = YES;
				CLANG_ENABLE_OBJC_ARC = YES;
				CLANG_WARN_BLOCK_CAPTURE_AUTORELEASING = YES;
				CLANG_WARN_BOOL_CONVERSION = YES;
				CLANG_WARN_COMMA = YES;
				CLANG_WARN_CONSTANT_CONVERSION = YES;
				CLANG_WARN_DEPRECATED_OBJC_IMPLEMENTATIONS = YES;
				CLANG_WARN_DIRECT_OBJC_ISA_USAGE = YES_ERROR;
				CLANG_WARN_DOCUMENTATION_COMMENTS = YES;
				CLANG_WARN_EMPTY_BODY = YES;
				CLANG_WARN_ENUM_CONVERSION = YES;
				CLANG_WARN_INFINITE_RECURSION = YES;
				CLANG_WARN_INT_CONVERSION = YES;
				CLANG_WARN_NON_LITERAL_NULL_CONVERSION = YES;
				CLANG_WARN_OBJC_IMPLICIT_RETAIN_SELF = YES;
				CLANG_WARN_OBJC_LITERAL_CONVERSION = YES;
				CLANG_WARN_OBJC_ROOT_CLASS = YES_ERROR;
				CLANG_WARN_RANGE_LOOP_ANALYSIS = YES;
				CLANG_WARN_STRICT_PROTOTYPES = YES;
				CLANG_WARN_SUSPICIOUS_MOVE = YES;
				CLANG_WARN_UNREACHABLE_CODE = YES;
				CLANG_WARN__DUPLICATE_METHOD_MATCH = YES;
				"CODE_SIGN_IDENTITY[sdk=iphoneos*]" = "iPhone Developer";
				COPY_PHASE_STRIP = NO;
				DEBUG_INFORMATION_FORMAT = "dwarf-with-dsym";
				ENABLE_NS_ASSERTIONS = NO;
				ENABLE_STRICT_OBJC_MSGSEND = YES;
				GCC_C_LANGUAGE_STANDARD = gnu99;
				GCC_NO_COMMON_BLOCKS = YES;
				GCC_PREPROCESSOR_DEFINITIONS = "";
				GCC_WARN_64_TO_32_BIT_CONVERSION = YES;
				GCC_WARN_ABOUT_RETURN_TYPE = YES_ERROR;
				GCC_WARN_UNDECLARED_SELECTOR = YES;
				GCC_WARN_UNINITIALIZED_AUTOS = YES_AGGRESSIVE;
				GCC_WARN_UNUSED_FUNCTION = YES;
				GCC_WARN_UNUSED_VARIABLE = YES;
				IPHONEOS_DEPLOYMENT_TARGET = 9.0;
				MTL_ENABLE_DEBUG_INFO = NO;
				SDKROOT = iphoneos;
				SWIFT_OPTIMIZATION_LEVEL = "-Owholemodule";
				VALIDATE_PRODUCT = YES;
			};
			name = Release;
		};
		ECCCCB361E7A40D10073D923 /* Debug */ = {
			isa = XCBuildConfiguration;
			baseConfigurationReference = 48F8D478234569385F88AC15 /* Pods-MyApp.debug.xcconfig */;
			buildSettings = {
				ASSETCATALOG_COMPILER_APPICON_NAME = AppIcon;
				FRAMEWORK_SEARCH_PATHS = "$(inherited)";
				INFOPLIST_FILE = "$(SRCROOT)/MyApp/Supports/Info.plist";
				IPHONEOS_DEPLOYMENT_TARGET = 9.0;
				LD_RUNPATH_SEARCH_PATHS = "$(inherited) @executable_path/Frameworks";
				PRODUCT_BUNDLE_IDENTIFIER = vn.asiantech.dev.mvvm.demo;
				PRODUCT_NAME = "$(TARGET_NAME)";
				SWIFT_VERSION = 4.0;
			};
			name = Debug;
		};
		ECCCCB371E7A40D10073D923 /* Release */ = {
			isa = XCBuildConfiguration;
			baseConfigurationReference = 47FCF93A9948D710C06CECAF /* Pods-MyApp.release.xcconfig */;
			buildSettings = {
				ASSETCATALOG_COMPILER_APPICON_NAME = AppIcon;
				FRAMEWORK_SEARCH_PATHS = "$(inherited)";
				INFOPLIST_FILE = "$(SRCROOT)/MyApp/Supports/Info.plist";
				IPHONEOS_DEPLOYMENT_TARGET = 9.0;
				LD_RUNPATH_SEARCH_PATHS = "$(inherited) @executable_path/Frameworks";
				PRODUCT_BUNDLE_IDENTIFIER = vn.asiantech.dev.mvvm.demo;
				PRODUCT_NAME = "$(TARGET_NAME)";
				SWIFT_VERSION = 4.0;
			};
			name = Release;
		};
		ECCCCB391E7A40D10073D923 /* Debug */ = {
			isa = XCBuildConfiguration;
			baseConfigurationReference = FA33ABB555FDDC9158D68749 /* Pods-MyApp-MyAppTests.debug.xcconfig */;
			buildSettings = {
				ALWAYS_EMBED_SWIFT_STANDARD_LIBRARIES = "${inherited}";
				BUNDLE_LOADER = "$(TEST_HOST)";
				INFOPLIST_FILE = MyAppTests/Info.plist;
				LD_RUNPATH_SEARCH_PATHS = "$(inherited) @executable_path/Frameworks @loader_path/Frameworks";
				PRODUCT_BUNDLE_IDENTIFIER = vn.asiantech.dev.mvvm.tests;
				PRODUCT_NAME = "$(TARGET_NAME)";
				SWIFT_VERSION = 4.0;
				TEST_HOST = "$(BUILT_PRODUCTS_DIR)/MyApp.app/MyApp";
			};
			name = Debug;
		};
		ECCCCB3A1E7A40D10073D923 /* Release */ = {
			isa = XCBuildConfiguration;
			baseConfigurationReference = 0B1CAE12BFD16ACB405EADB3 /* Pods-MyApp-MyAppTests.release.xcconfig */;
			buildSettings = {
				ALWAYS_EMBED_SWIFT_STANDARD_LIBRARIES = "${inherited}";
				BUNDLE_LOADER = "$(TEST_HOST)";
				INFOPLIST_FILE = MyAppTests/Info.plist;
				LD_RUNPATH_SEARCH_PATHS = "$(inherited) @executable_path/Frameworks @loader_path/Frameworks";
				PRODUCT_BUNDLE_IDENTIFIER = vn.asiantech.dev.mvvm.tests;
				PRODUCT_NAME = "$(TARGET_NAME)";
				SWIFT_VERSION = 4.0;
				TEST_HOST = "$(BUILT_PRODUCTS_DIR)/MyApp.app/MyApp";
			};
			name = Release;
		};
		ECE876851EA9B979005DD06D /* Staging */ = {
			isa = XCBuildConfiguration;
			buildSettings = {
				ALWAYS_SEARCH_USER_PATHS = NO;
				CLANG_ANALYZER_NONNULL = YES;
				CLANG_CXX_LANGUAGE_STANDARD = "gnu++0x";
				CLANG_CXX_LIBRARY = "libc++";
				CLANG_ENABLE_MODULES = YES;
				CLANG_ENABLE_OBJC_ARC = YES;
				CLANG_WARN_BLOCK_CAPTURE_AUTORELEASING = YES;
				CLANG_WARN_BOOL_CONVERSION = YES;
				CLANG_WARN_COMMA = YES;
				CLANG_WARN_CONSTANT_CONVERSION = YES;
				CLANG_WARN_DEPRECATED_OBJC_IMPLEMENTATIONS = YES;
				CLANG_WARN_DIRECT_OBJC_ISA_USAGE = YES_ERROR;
				CLANG_WARN_DOCUMENTATION_COMMENTS = YES;
				CLANG_WARN_EMPTY_BODY = YES;
				CLANG_WARN_ENUM_CONVERSION = YES;
				CLANG_WARN_INFINITE_RECURSION = YES;
				CLANG_WARN_INT_CONVERSION = YES;
				CLANG_WARN_NON_LITERAL_NULL_CONVERSION = YES;
				CLANG_WARN_OBJC_IMPLICIT_RETAIN_SELF = YES;
				CLANG_WARN_OBJC_LITERAL_CONVERSION = YES;
				CLANG_WARN_OBJC_ROOT_CLASS = YES_ERROR;
				CLANG_WARN_RANGE_LOOP_ANALYSIS = YES;
				CLANG_WARN_STRICT_PROTOTYPES = YES;
				CLANG_WARN_SUSPICIOUS_MOVE = YES;
				CLANG_WARN_UNREACHABLE_CODE = YES;
				CLANG_WARN__DUPLICATE_METHOD_MATCH = YES;
				"CODE_SIGN_IDENTITY[sdk=iphoneos*]" = "iPhone Developer";
				COPY_PHASE_STRIP = NO;
				DEBUG_INFORMATION_FORMAT = "dwarf-with-dsym";
				ENABLE_NS_ASSERTIONS = NO;
				ENABLE_STRICT_OBJC_MSGSEND = YES;
				GCC_C_LANGUAGE_STANDARD = gnu99;
				GCC_NO_COMMON_BLOCKS = YES;
				GCC_PREPROCESSOR_DEFINITIONS = "STG=1";
				GCC_WARN_64_TO_32_BIT_CONVERSION = YES;
				GCC_WARN_ABOUT_RETURN_TYPE = YES_ERROR;
				GCC_WARN_UNDECLARED_SELECTOR = YES;
				GCC_WARN_UNINITIALIZED_AUTOS = YES_AGGRESSIVE;
				GCC_WARN_UNUSED_FUNCTION = YES;
				GCC_WARN_UNUSED_VARIABLE = YES;
				IPHONEOS_DEPLOYMENT_TARGET = 9.0;
				MTL_ENABLE_DEBUG_INFO = NO;
				SDKROOT = iphoneos;
				SWIFT_ACTIVE_COMPILATION_CONDITIONS = STG;
				SWIFT_OPTIMIZATION_LEVEL = "-Owholemodule";
				VALIDATE_PRODUCT = YES;
			};
			name = Staging;
		};
		ECE876861EA9B979005DD06D /* Staging */ = {
			isa = XCBuildConfiguration;
			baseConfigurationReference = 2471FFF2396065422C1E00E8 /* Pods-MyApp.staging.xcconfig */;
			buildSettings = {
				ASSETCATALOG_COMPILER_APPICON_NAME = AppIcon;
				FRAMEWORK_SEARCH_PATHS = "$(inherited)";
				INFOPLIST_FILE = "$(SRCROOT)/MyApp/Supports/Info.plist";
				IPHONEOS_DEPLOYMENT_TARGET = 9.0;
				LD_RUNPATH_SEARCH_PATHS = "$(inherited) @executable_path/Frameworks";
				PRODUCT_BUNDLE_IDENTIFIER = vn.asiantech.dev.mvvm.demo;
				PRODUCT_NAME = "$(TARGET_NAME)";
				SWIFT_VERSION = 4.0;
			};
			name = Staging;
		};
		ECE876871EA9B979005DD06D /* Staging */ = {
			isa = XCBuildConfiguration;
			baseConfigurationReference = 3934B2D542E2F17D926ED64E /* Pods-MyApp-MyAppTests.staging.xcconfig */;
			buildSettings = {
				ALWAYS_EMBED_SWIFT_STANDARD_LIBRARIES = "${inherited}";
				BUNDLE_LOADER = "$(TEST_HOST)";
				INFOPLIST_FILE = MyAppTests/Info.plist;
				LD_RUNPATH_SEARCH_PATHS = "$(inherited) @executable_path/Frameworks @loader_path/Frameworks";
				PRODUCT_BUNDLE_IDENTIFIER = vn.asiantech.dev.mvvm.tests;
				PRODUCT_NAME = "$(TARGET_NAME)";
				SWIFT_VERSION = 4.0;
				TEST_HOST = "$(BUILT_PRODUCTS_DIR)/MyApp.app/MyApp";
			};
			name = Staging;
		};
/* End XCBuildConfiguration section */

/* Begin XCConfigurationList section */
		ECCCCB131E7A40D00073D923 /* Build configuration list for PBXProject "MyApp" */ = {
			isa = XCConfigurationList;
			buildConfigurations = (
				ECCCCB331E7A40D10073D923 /* Debug */,
				ECCCCB341E7A40D10073D923 /* Release */,
				ECE876851EA9B979005DD06D /* Staging */,
			);
			defaultConfigurationIsVisible = 0;
			defaultConfigurationName = Release;
		};
		ECCCCB351E7A40D10073D923 /* Build configuration list for PBXNativeTarget "MyApp" */ = {
			isa = XCConfigurationList;
			buildConfigurations = (
				ECCCCB361E7A40D10073D923 /* Debug */,
				ECCCCB371E7A40D10073D923 /* Release */,
				ECE876861EA9B979005DD06D /* Staging */,
			);
			defaultConfigurationIsVisible = 0;
			defaultConfigurationName = Release;
		};
		ECCCCB381E7A40D10073D923 /* Build configuration list for PBXNativeTarget "MyAppTests" */ = {
			isa = XCConfigurationList;
			buildConfigurations = (
				ECCCCB391E7A40D10073D923 /* Debug */,
				ECCCCB3A1E7A40D10073D923 /* Release */,
				ECE876871EA9B979005DD06D /* Staging */,
			);
			defaultConfigurationIsVisible = 0;
			defaultConfigurationName = Release;
		};
/* End XCConfigurationList section */
	};
	rootObject = ECCCCB101E7A40D00073D923 /* Project object */;
}
